// !$*UTF8*$!
{
	archiveVersion = 1;
	classes = {
	};
	objectVersion = 48;
	objects = {

/* Begin PBXBuildFile section */
		14B82EF51FC36E0F009EFA7C /* AppDelegate.swift in Sources */ = {isa = PBXBuildFile; fileRef = 14B82EF41FC36E0F009EFA7C /* AppDelegate.swift */; };
		14B82EF71FC36E0F009EFA7C /* ViewController.swift in Sources */ = {isa = PBXBuildFile; fileRef = 14B82EF61FC36E0F009EFA7C /* ViewController.swift */; };
		14B82EFA1FC36E0F009EFA7C /* Main.storyboard in Resources */ = {isa = PBXBuildFile; fileRef = 14B82EF81FC36E0F009EFA7C /* Main.storyboard */; };
		14B82EFC1FC36E0F009EFA7C /* Assets.xcassets in Resources */ = {isa = PBXBuildFile; fileRef = 14B82EFB1FC36E0F009EFA7C /* Assets.xcassets */; };
		14B82EFF1FC36E0F009EFA7C /* LaunchScreen.storyboard in Resources */ = {isa = PBXBuildFile; fileRef = 14B82EFD1FC36E0F009EFA7C /* LaunchScreen.storyboard */; };
		14B82F0A1FC36E0F009EFA7C /* WebkitSampleTests.swift in Sources */ = {isa = PBXBuildFile; fileRef = 14B82F091FC36E0F009EFA7C /* WebkitSampleTests.swift */; };
/* End PBXBuildFile section */

/* Begin PBXContainerItemProxy section */
		14B82F061FC36E0F009EFA7C /* PBXContainerItemProxy */ = {
			isa = PBXContainerItemProxy;
			containerPortal = 14B82EE91FC36E0F009EFA7C /* Project object */;
			proxyType = 1;
			remoteGlobalIDString = 14B82EF01FC36E0F009EFA7C;
			remoteInfo = WebkitSample;
		};
/* End PBXContainerItemProxy section */

/* Begin PBXFileReference section */
		14B82EF11FC36E0F009EFA7C /* WebkitSample.app */ = {isa = PBXFileReference; explicitFileType = wrapper.application; includeInIndex = 0; path = WebkitSample.app; sourceTree = BUILT_PRODUCTS_DIR; };
		14B82EF41FC36E0F009EFA7C /* AppDelegate.swift */ = {isa = PBXFileReference; lastKnownFileType = sourcecode.swift; path = AppDelegate.swift; sourceTree = "<group>"; };
		14B82EF61FC36E0F009EFA7C /* ViewController.swift */ = {isa = PBXFileReference; lastKnownFileType = sourcecode.swift; path = ViewController.swift; sourceTree = "<group>"; };
		14B82EF91FC36E0F009EFA7C /* Base */ = {isa = PBXFileReference; lastKnownFileType = file.storyboard; name = Base; path = Base.lproj/Main.storyboard; sourceTree = "<group>"; };
		14B82EFB1FC36E0F009EFA7C /* Assets.xcassets */ = {isa = PBXFileReference; lastKnownFileType = folder.assetcatalog; path = Assets.xcassets; sourceTree = "<group>"; };
		14B82EFE1FC36E0F009EFA7C /* Base */ = {isa = PBXFileReference; lastKnownFileType = file.storyboard; name = Base; path = Base.lproj/LaunchScreen.storyboard; sourceTree = "<group>"; };
		14B82F001FC36E0F009EFA7C /* Info.plist */ = {isa = PBXFileReference; lastKnownFileType = text.plist.xml; path = Info.plist; sourceTree = "<group>"; };
		14B82F051FC36E0F009EFA7C /* WebkitSampleTests.xctest */ = {isa = PBXFileReference; explicitFileType = wrapper.cfbundle; includeInIndex = 0; path = WebkitSampleTests.xctest; sourceTree = BUILT_PRODUCTS_DIR; };
		14B82F091FC36E0F009EFA7C /* WebkitSampleTests.swift */ = {isa = PBXFileReference; lastKnownFileType = sourcecode.swift; path = WebkitSampleTests.swift; sourceTree = "<group>"; };
		14B82F0B1FC36E0F009EFA7C /* Info.plist */ = {isa = PBXFileReference; lastKnownFileType = text.plist.xml; path = Info.plist; sourceTree = "<group>"; };
/* End PBXFileReference section */

/* Begin PBXFrameworksBuildPhase section */
		14B82EEE1FC36E0F009EFA7C /* Frameworks */ = {
			isa = PBXFrameworksBuildPhase;
			buildActionMask = 2147483647;
			files = (
			);
			runOnlyForDeploymentPostprocessing = 0;
		};
		14B82F021FC36E0F009EFA7C /* Frameworks */ = {
			isa = PBXFrameworksBuildPhase;
			buildActionMask = 2147483647;
			files = (
			);
			runOnlyForDeploymentPostprocessing = 0;
		};
/* End PBXFrameworksBuildPhase section */

/* Begin PBXGroup section */
		14B82EE81FC36E0F009EFA7C = {
			isa = PBXGroup;
			children = (
				14B82EF31FC36E0F009EFA7C /* WebkitSample */,
				14B82F081FC36E0F009EFA7C /* WebkitSampleTests */,
				14B82EF21FC36E0F009EFA7C /* Products */,
			);
			sourceTree = "<group>";
		};
		14B82EF21FC36E0F009EFA7C /* Products */ = {
			isa = PBXGroup;
			children = (
				14B82EF11FC36E0F009EFA7C /* WebkitSample.app */,
				14B82F051FC36E0F009EFA7C /* WebkitSampleTests.xctest */,
			);
			name = Products;
			sourceTree = "<group>";
		};
		14B82EF31FC36E0F009EFA7C /* WebkitSample */ = {
			isa = PBXGroup;
			children = (
				14B82EF41FC36E0F009EFA7C /* AppDelegate.swift */,
				14B82EF61FC36E0F009EFA7C /* ViewController.swift */,
				14B82EF81FC36E0F009EFA7C /* Main.storyboard */,
				14B82EFB1FC36E0F009EFA7C /* Assets.xcassets */,
				14B82EFD1FC36E0F009EFA7C /* LaunchScreen.storyboard */,
				14B82F001FC36E0F009EFA7C /* Info.plist */,
			);
			path = WebkitSample;
			sourceTree = "<group>";
		};
		14B82F081FC36E0F009EFA7C /* WebkitSampleTests */ = {
			isa = PBXGroup;
			children = (
				14B82F091FC36E0F009EFA7C /* WebkitSampleTests.swift */,
				14B82F0B1FC36E0F009EFA7C /* Info.plist */,
			);
			path = WebkitSampleTests;
			sourceTree = "<group>";
		};
/* End PBXGroup section */

/* Begin PBXNativeTarget section */
		14B82EF01FC36E0F009EFA7C /* WebkitSample */ = {
			isa = PBXNativeTarget;
			buildConfigurationList = 14B82F0E1FC36E0F009EFA7C /* Build configuration list for PBXNativeTarget "WebkitSample" */;
			buildPhases = (
				14B82EED1FC36E0F009EFA7C /* Sources */,
				14B82EEE1FC36E0F009EFA7C /* Frameworks */,
				14B82EEF1FC36E0F009EFA7C /* Resources */,
			);
			buildRules = (
			);
			dependencies = (
			);
			name = WebkitSample;
			productName = WebkitSample;
			productReference = 14B82EF11FC36E0F009EFA7C /* WebkitSample.app */;
			productType = "com.apple.product-type.application";
		};
		14B82F041FC36E0F009EFA7C /* WebkitSampleTests */ = {
			isa = PBXNativeTarget;
			buildConfigurationList = 14B82F111FC36E0F009EFA7C /* Build configuration list for PBXNativeTarget "WebkitSampleTests" */;
			buildPhases = (
				14B82F011FC36E0F009EFA7C /* Sources */,
				14B82F021FC36E0F009EFA7C /* Frameworks */,
				14B82F031FC36E0F009EFA7C /* Resources */,
			);
			buildRules = (
			);
			dependencies = (
				14B82F071FC36E0F009EFA7C /* PBXTargetDependency */,
			);
			name = WebkitSampleTests;
			productName = WebkitSampleTests;
			productReference = 14B82F051FC36E0F009EFA7C /* WebkitSampleTests.xctest */;
			productType = "com.apple.product-type.bundle.unit-test";
		};
/* End PBXNativeTarget section */

/* Begin PBXProject section */
		14B82EE91FC36E0F009EFA7C /* Project object */ = {
			isa = PBXProject;
			attributes = {
				LastSwiftUpdateCheck = 0910;
				LastUpgradeCheck = 1130;
				ORGANIZATIONNAME = "Benoit PASQUIER";
				TargetAttributes = {
					14B82EF01FC36E0F009EFA7C = {
						CreatedOnToolsVersion = 9.1;
						ProvisioningStyle = Automatic;
					};
					14B82F041FC36E0F009EFA7C = {
						CreatedOnToolsVersion = 9.1;
						ProvisioningStyle = Automatic;
						TestTargetID = 14B82EF01FC36E0F009EFA7C;
					};
				};
			};
			buildConfigurationList = 14B82EEC1FC36E0F009EFA7C /* Build configuration list for PBXProject "WebkitSample" */;
			compatibilityVersion = "Xcode 8.0";
			developmentRegion = en;
			hasScannedForEncodings = 0;
			knownRegions = (
				en,
				Base,
			);
			mainGroup = 14B82EE81FC36E0F009EFA7C;
			productRefGroup = 14B82EF21FC36E0F009EFA7C /* Products */;
			projectDirPath = "";
			projectRoot = "";
			targets = (
				14B82EF01FC36E0F009EFA7C /* WebkitSample */,
				14B82F041FC36E0F009EFA7C /* WebkitSampleTests */,
			);
		};
/* End PBXProject section */

/* Begin PBXResourcesBuildPhase section */
		14B82EEF1FC36E0F009EFA7C /* Resources */ = {
			isa = PBXResourcesBuildPhase;
			buildActionMask = 2147483647;
			files = (
				14B82EFF1FC36E0F009EFA7C /* LaunchScreen.storyboard in Resources */,
				14B82EFC1FC36E0F009EFA7C /* Assets.xcassets in Resources */,
				14B82EFA1FC36E0F009EFA7C /* Main.storyboard in Resources */,
			);
			runOnlyForDeploymentPostprocessing = 0;
		};
		14B82F031FC36E0F009EFA7C /* Resources */ = {
			isa = PBXResourcesBuildPhase;
			buildActionMask = 2147483647;
			files = (
			);
			runOnlyForDeploymentPostprocessing = 0;
		};
/* End PBXResourcesBuildPhase section */

/* Begin PBXSourcesBuildPhase section */
		14B82EED1FC36E0F009EFA7C /* Sources */ = {
			isa = PBXSourcesBuildPhase;
			buildActionMask = 2147483647;
			files = (
				14B82EF71FC36E0F009EFA7C /* ViewController.swift in Sources */,
				14B82EF51FC36E0F009EFA7C /* AppDelegate.swift in Sources */,
			);
			runOnlyForDeploymentPostprocessing = 0;
		};
		14B82F011FC36E0F009EFA7C /* Sources */ = {
			isa = PBXSourcesBuildPhase;
			buildActionMask = 2147483647;
			files = (
				14B82F0A1FC36E0F009EFA7C /* WebkitSampleTests.swift in Sources */,
			);
			runOnlyForDeploymentPostprocessing = 0;
		};
/* End PBXSourcesBuildPhase section */

/* Begin PBXTargetDependency section */
		14B82F071FC36E0F009EFA7C /* PBXTargetDependency */ = {
			isa = PBXTargetDependency;
			target = 14B82EF01FC36E0F009EFA7C /* WebkitSample */;
			targetProxy = 14B82F061FC36E0F009EFA7C /* PBXContainerItemProxy */;
		};
/* End PBXTargetDependency section */

/* Begin PBXVariantGroup section */
		14B82EF81FC36E0F009EFA7C /* Main.storyboard */ = {
			isa = PBXVariantGroup;
			children = (
				14B82EF91FC36E0F009EFA7C /* Base */,
			);
			name = Main.storyboard;
			sourceTree = "<group>";
		};
		14B82EFD1FC36E0F009EFA7C /* LaunchScreen.storyboard */ = {
			isa = PBXVariantGroup;
			children = (
				14B82EFE1FC36E0F009EFA7C /* Base */,
			);
			name = LaunchScreen.storyboard;
			sourceTree = "<group>";
		};
/* End PBXVariantGroup section */

/* Begin XCBuildConfiguration section */
		14B82F0C1FC36E0F009EFA7C /* Debug */ = {
			isa = XCBuildConfiguration;
			buildSettings = {
				ALWAYS_SEARCH_USER_PATHS = NO;
				CLANG_ANALYZER_NONNULL = YES;
				CLANG_ANALYZER_NUMBER_OBJECT_CONVERSION = YES_AGGRESSIVE;
				CLANG_CXX_LANGUAGE_STANDARD = "gnu++14";
				CLANG_CXX_LIBRARY = "libc++";
				CLANG_ENABLE_MODULES = YES;
				CLANG_ENABLE_OBJC_ARC = YES;
				CLANG_WARN_BLOCK_CAPTURE_AUTORELEASING = YES;
				CLANG_WARN_BOOL_CONVERSION = YES;
				CLANG_WARN_COMMA = YES;
				CLANG_WARN_CONSTANT_CONVERSION = YES;
				CLANG_WARN_DEPRECATED_OBJC_IMPLEMENTATIONS = YES;
				CLANG_WARN_DIRECT_OBJC_ISA_USAGE = YES_ERROR;
				CLANG_WARN_DOCUMENTATION_COMMENTS = YES;
				CLANG_WARN_EMPTY_BODY = YES;
				CLANG_WARN_ENUM_CONVERSION = YES;
				CLANG_WARN_INFINITE_RECURSION = YES;
				CLANG_WARN_INT_CONVERSION = YES;
				CLANG_WARN_NON_LITERAL_NULL_CONVERSION = YES;
				CLANG_WARN_OBJC_IMPLICIT_RETAIN_SELF = YES;
				CLANG_WARN_OBJC_LITERAL_CONVERSION = YES;
				CLANG_WARN_OBJC_ROOT_CLASS = YES_ERROR;
				CLANG_WARN_RANGE_LOOP_ANALYSIS = YES;
				CLANG_WARN_STRICT_PROTOTYPES = YES;
				CLANG_WARN_SUSPICIOUS_MOVE = YES;
				CLANG_WARN_UNGUARDED_AVAILABILITY = YES_AGGRESSIVE;
				CLANG_WARN_UNREACHABLE_CODE = YES;
				CLANG_WARN__DUPLICATE_METHOD_MATCH = YES;
				CODE_SIGN_IDENTITY = "iPhone Developer";
				COPY_PHASE_STRIP = NO;
				DEBUG_INFORMATION_FORMAT = dwarf;
				ENABLE_STRICT_OBJC_MSGSEND = YES;
				ENABLE_TESTABILITY = YES;
				GCC_C_LANGUAGE_STANDARD = gnu11;
				GCC_DYNAMIC_NO_PIC = NO;
				GCC_NO_COMMON_BLOCKS = YES;
				GCC_OPTIMIZATION_LEVEL = 0;
				GCC_PREPROCESSOR_DEFINITIONS = (
					"DEBUG=1",
					"$(inherited)",
				);
				GCC_WARN_64_TO_32_BIT_CONVERSION = YES;
				GCC_WARN_ABOUT_RETURN_TYPE = YES_ERROR;
				GCC_WARN_UNDECLARED_SELECTOR = YES;
				GCC_WARN_UNINITIALIZED_AUTOS = YES_AGGRESSIVE;
				GCC_WARN_UNUSED_FUNCTION = YES;
				GCC_WARN_UNUSED_VARIABLE = YES;
				IPHONEOS_DEPLOYMENT_TARGET = 11.1;
				MTL_ENABLE_DEBUG_INFO = YES;
				ONLY_ACTIVE_ARCH = YES;
				SDKROOT = iphoneos;
				SWIFT_ACTIVE_COMPILATION_CONDITIONS = DEBUG;
				SWIFT_OPTIMIZATION_LEVEL = "-Onone";
				SWIFT_VERSION = 5.0;
			};
			name = Debug;
		};
		14B82F0D1FC36E0F009EFA7C /* Release */ = {
			isa = XCBuildConfiguration;
			buildSettings = {
				ALWAYS_SEARCH_USER_PATHS = NO;
				CLANG_ANALYZER_NONNULL = YES;
				CLANG_ANALYZER_NUMBER_OBJECT_CONVERSION = YES_AGGRESSIVE;
				CLANG_CXX_LANGUAGE_STANDARD = "gnu++14";
				CLANG_CXX_LIBRARY = "libc++";
				CLANG_ENABLE_MODULES = YES;
				CLANG_ENABLE_OBJC_ARC = YES;
				CLANG_WARN_BLOCK_CAPTURE_AUTORELEASING = YES;
				CLANG_WARN_BOOL_CONVERSION = YES;
				CLANG_WARN_COMMA = YES;
				CLANG_WARN_CONSTANT_CONVERSION = YES;
				CLANG_WARN_DEPRECATED_OBJC_IMPLEMENTATIONS = YES;
				CLANG_WARN_DIRECT_OBJC_ISA_USAGE = YES_ERROR;
				CLANG_WARN_DOCUMENTATION_COMMENTS = YES;
				CLANG_WARN_EMPTY_BODY = YES;
				CLANG_WARN_ENUM_CONVERSION = YES;
				CLANG_WARN_INFINITE_RECURSION = YES;
				CLANG_WARN_INT_CONVERSION = YES;
				CLANG_WARN_NON_LITERAL_NULL_CONVERSION = YES;
				CLANG_WARN_OBJC_IMPLICIT_RETAIN_SELF = YES;
				CLANG_WARN_OBJC_LITERAL_CONVERSION = YES;
				CLANG_WARN_OBJC_ROOT_CLASS = YES_ERROR;
				CLANG_WARN_RANGE_LOOP_ANALYSIS = YES;
				CLANG_WARN_STRICT_PROTOTYPES = YES;
				CLANG_WARN_SUSPICIOUS_MOVE = YES;
				CLANG_WARN_UNGUARDED_AVAILABILITY = YES_AGGRESSIVE;
				CLANG_WARN_UNREACHABLE_CODE = YES;
				CLANG_WARN__DUPLICATE_METHOD_MATCH = YES;
				CODE_SIGN_IDENTITY = "iPhone Developer";
				COPY_PHASE_STRIP = NO;
				DEBUG_INFORMATION_FORMAT = "dwarf-with-dsym";
				ENABLE_NS_ASSERTIONS = NO;
				ENABLE_STRICT_OBJC_MSGSEND = YES;
				GCC_C_LANGUAGE_STANDARD = gnu11;
				GCC_NO_COMMON_BLOCKS = YES;
				GCC_WARN_64_TO_32_BIT_CONVERSION = YES;
				GCC_WARN_ABOUT_RETURN_TYPE = YES_ERROR;
				GCC_WARN_UNDECLARED_SELECTOR = YES;
				GCC_WARN_UNINITIALIZED_AUTOS = YES_AGGRESSIVE;
				GCC_WARN_UNUSED_FUNCTION = YES;
				GCC_WARN_UNUSED_VARIABLE = YES;
				IPHONEOS_DEPLOYMENT_TARGET = 11.1;
				MTL_ENABLE_DEBUG_INFO = NO;
				SDKROOT = iphoneos;
				SWIFT_OPTIMIZATION_LEVEL = "-Owholemodule";
				SWIFT_VERSION = 5.0;
				VALIDATE_PRODUCT = YES;
			};
			name = Release;
		};
		14B82F0F1FC36E0F009EFA7C /* Debug */ = {
			isa = XCBuildConfiguration;
			buildSettings = {
				ASSETCATALOG_COMPILER_APPICON_NAME = AppIcon;
				CODE_SIGN_STYLE = Automatic;
				INFOPLIST_FILE = WebkitSample/Info.plist;
				LD_RUNPATH_SEARCH_PATHS = "$(inherited) @executable_path/Frameworks";
				PRODUCT_BUNDLE_IDENTIFIER = fr.benoitpasquier.WebkitSample;
				PRODUCT_NAME = "$(TARGET_NAME)";
				SWIFT_VERSION = 5.0;
				TARGETED_DEVICE_FAMILY = "1,2";
			};
			name = Debug;
		};
		14B82F101FC36E0F009EFA7C /* Release */ = {
			isa = XCBuildConfiguration;
			buildSettings = {
				ASSETCATALOG_COMPILER_APPICON_NAME = AppIcon;
				CODE_SIGN_STYLE = Automatic;
				INFOPLIST_FILE = WebkitSample/Info.plist;
				LD_RUNPATH_SEARCH_PATHS = "$(inherited) @executable_path/Frameworks";
				PRODUCT_BUNDLE_IDENTIFIER = fr.benoitpasquier.WebkitSample;
				PRODUCT_NAME = "$(TARGET_NAME)";
				SWIFT_VERSION = 5.0;
				TARGETED_DEVICE_FAMILY = "1,2";
			};
			name = Release;
		};
		14B82F121FC36E0F009EFA7C /* Debug */ = {
			isa = XCBuildConfiguration;
			buildSettings = {
				ALWAYS_EMBED_SWIFT_STANDARD_LIBRARIES = YES;
				BUNDLE_LOADER = "$(TEST_HOST)";
				CODE_SIGN_STYLE = Automatic;
				INFOPLIST_FILE = WebkitSampleTests/Info.plist;
				LD_RUNPATH_SEARCH_PATHS = "$(inherited) @executable_path/Frameworks @loader_path/Frameworks";
				PRODUCT_BUNDLE_IDENTIFIER = fr.benoitpasquier.WebkitSampleTests;
				PRODUCT_NAME = "$(TARGET_NAME)";
				SWIFT_VERSION = 4.0;
				TARGETED_DEVICE_FAMILY = "1,2";
				TEST_HOST = "$(BUILT_PRODUCTS_DIR)/WebkitSample.app/WebkitSample";
			};
			name = Debug;
		};
		14B82F131FC36E0F009EFA7C /* Release */ = {
			isa = XCBuildConfiguration;
			buildSettings = {
				ALWAYS_EMBED_SWIFT_STANDARD_LIBRARIES = YES;
				BUNDLE_LOADER = "$(TEST_HOST)";
				CODE_SIGN_STYLE = Automatic;
				INFOPLIST_FILE = WebkitSampleTests/Info.plist;
				LD_RUNPATH_SEARCH_PATHS = "$(inherited) @executable_path/Frameworks @loader_path/Frameworks";
				PRODUCT_BUNDLE_IDENTIFIER = fr.benoitpasquier.WebkitSampleTests;
				PRODUCT_NAME = "$(TARGET_NAME)";
				SWIFT_VERSION = 4.0;
				TARGETED_DEVICE_FAMILY = "1,2";
				TEST_HOST = "$(BUILT_PRODUCTS_DIR)/WebkitSample.app/WebkitSample";
			};
			name = Release;
		};
/* End XCBuildConfiguration section */

/* Begin XCConfigurationList section */
		14B82EEC1FC36E0F009EFA7C /* Build configuration list for PBXProject "WebkitSample" */ = {
			isa = XCConfigurationList;
			buildConfigurations = (
				14B82F0C1FC36E0F009EFA7C /* Debug */,
				14B82F0D1FC36E0F009EFA7C /* Release */,
			);
			defaultConfigurationIsVisible = 0;
			defaultConfigurationName = Release;
		};
		14B82F0E1FC36E0F009EFA7C /* Build configuration list for PBXNativeTarget "WebkitSample" */ = {
			isa = XCConfigurationList;
			buildConfigurations = (
				14B82F0F1FC36E0F009EFA7C /* Debug */,
				14B82F101FC36E0F009EFA7C /* Release */,
			);
			defaultConfigurationIsVisible = 0;
			defaultConfigurationName = Release;
		};
		14B82F111FC36E0F009EFA7C /* Build configuration list for PBXNativeTarget "WebkitSampleTests" */ = {
			isa = XCConfigurationList;
			buildConfigurations = (
				14B82F121FC36E0F009EFA7C /* Debug */,
				14B82F131FC36E0F009EFA7C /* Release */,
			);
			defaultConfigurationIsVisible = 0;
			defaultConfigurationName = Release;
		};
/* End XCConfigurationList section */
	};
	rootObject = 14B82EE91FC36E0F009EFA7C /* Project object */;
}
