// !$*UTF8*$!
{
	archiveVersion = 1;
	classes = {
	};
	objectVersion = 55;
	objects = {

/* Begin PBXBuildFile section */
		1465A59227AE8018003BF8DB /* AppDelegate.swift in Sources */ = {isa = PBXBuildFile; fileRef = 1465A59127AE8018003BF8DB /* AppDelegate.swift */; };
		1465A59427AE8018003BF8DB /* SceneDelegate.swift in Sources */ = {isa = PBXBuildFile; fileRef = 1465A59327AE8018003BF8DB /* SceneDelegate.swift */; };
		1465A59627AE8018003BF8DB /* ViewController.swift in Sources */ = {isa = PBXBuildFile; fileRef = 1465A59527AE8018003BF8DB /* ViewController.swift */; };
		1465A59927AE8018003BF8DB /* Main.storyboard in Resources */ = {isa = PBXBuildFile; fileRef = 1465A59727AE8018003BF8DB /* Main.storyboard */; };
		1465A59B27AE801A003BF8DB /* Assets.xcassets in Resources */ = {isa = PBXBuildFile; fileRef = 1465A59A27AE801A003BF8DB /* Assets.xcassets */; };
		1465A59E27AE801A003BF8DB /* LaunchScreen.storyboard in Resources */ = {isa = PBXBuildFile; fileRef = 1465A59C27AE801A003BF8DB /* LaunchScreen.storyboard */; };
		1465A5A727AE843C003BF8DB /* DeeplinkHandlerProtocol.swift in Sources */ = {isa = PBXBuildFile; fileRef = 1465A5A627AE843C003BF8DB /* DeeplinkHandlerProtocol.swift */; };
		1465A5A927AE846E003BF8DB /* DeeplinkCoordinator.swift in Sources */ = {isa = PBXBuildFile; fileRef = 1465A5A827AE846E003BF8DB /* DeeplinkCoordinator.swift */; };
		1465A5AB27AE8521003BF8DB /* DebugDeeplinkHandler.swift in Sources */ = {isa = PBXBuildFile; fileRef = 1465A5AA27AE8521003BF8DB /* DebugDeeplinkHandler.swift */; };
/* End PBXBuildFile section */

/* Begin PBXFileReference section */
		1465A58E27AE8018003BF8DB /* DeeplinkSample.app */ = {isa = PBXFileReference; explicitFileType = wrapper.application; includeInIndex = 0; path = DeeplinkSample.app; sourceTree = BUILT_PRODUCTS_DIR; };
		1465A59127AE8018003BF8DB /* AppDelegate.swift */ = {isa = PBXFileReference; lastKnownFileType = sourcecode.swift; path = AppDelegate.swift; sourceTree = "<group>"; };
		1465A59327AE8018003BF8DB /* SceneDelegate.swift */ = {isa = PBXFileReference; lastKnownFileType = sourcecode.swift; path = SceneDelegate.swift; sourceTree = "<group>"; };
		1465A59527AE8018003BF8DB /* ViewController.swift */ = {isa = PBXFileReference; lastKnownFileType = sourcecode.swift; path = ViewController.swift; sourceTree = "<group>"; };
		1465A59827AE8018003BF8DB /* Base */ = {isa = PBXFileReference; lastKnownFileType = file.storyboard; name = Base; path = Base.lproj/Main.storyboard; sourceTree = "<group>"; };
		1465A59A27AE801A003BF8DB /* Assets.xcassets */ = {isa = PBXFileReference; lastKnownFileType = folder.assetcatalog; path = Assets.xcassets; sourceTree = "<group>"; };
		1465A59D27AE801A003BF8DB /* Base */ = {isa = PBXFileReference; lastKnownFileType = file.storyboard; name = Base; path = Base.lproj/LaunchScreen.storyboard; sourceTree = "<group>"; };
		1465A59F27AE801A003BF8DB /* Info.plist */ = {isa = PBXFileReference; lastKnownFileType = text.plist.xml; path = Info.plist; sourceTree = "<group>"; };
		1465A5A627AE843C003BF8DB /* DeeplinkHandlerProtocol.swift */ = {isa = PBXFileReference; lastKnownFileType = sourcecode.swift; path = DeeplinkHandlerProtocol.swift; sourceTree = "<group>"; };
		1465A5A827AE846E003BF8DB /* DeeplinkCoordinator.swift */ = {isa = PBXFileReference; lastKnownFileType = sourcecode.swift; path = DeeplinkCoordinator.swift; sourceTree = "<group>"; };
		1465A5AA27AE8521003BF8DB /* DebugDeeplinkHandler.swift */ = {isa = PBXFileReference; lastKnownFileType = sourcecode.swift; path = DebugDeeplinkHandler.swift; sourceTree = "<group>"; };
/* End PBXFileReference section */

/* Begin PBXFrameworksBuildPhase section */
		1465A58B27AE8018003BF8DB /* Frameworks */ = {
			isa = PBXFrameworksBuildPhase;
			buildActionMask = 2147483647;
			files = (
			);
			runOnlyForDeploymentPostprocessing = 0;
		};
/* End PBXFrameworksBuildPhase section */

/* Begin PBXGroup section */
		1465A58527AE8018003BF8DB = {
			isa = PBXGroup;
			children = (
				1465A59027AE8018003BF8DB /* DeeplinkSample */,
				1465A58F27AE8018003BF8DB /* Products */,
			);
			sourceTree = "<group>";
		};
		1465A58F27AE8018003BF8DB /* Products */ = {
			isa = PBXGroup;
			children = (
				1465A58E27AE8018003BF8DB /* DeeplinkSample.app */,
			);
			name = Products;
			sourceTree = "<group>";
		};
		1465A59027AE8018003BF8DB /* DeeplinkSample */ = {
			isa = PBXGroup;
			children = (
				1465A5A527AE842A003BF8DB /* Handler */,
				1465A59127AE8018003BF8DB /* AppDelegate.swift */,
				1465A59327AE8018003BF8DB /* SceneDelegate.swift */,
				1465A59527AE8018003BF8DB /* ViewController.swift */,
				1465A59727AE8018003BF8DB /* Main.storyboard */,
				1465A59A27AE801A003BF8DB /* Assets.xcassets */,
				1465A59C27AE801A003BF8DB /* LaunchScreen.storyboard */,
				1465A59F27AE801A003BF8DB /* Info.plist */,
			);
			path = DeeplinkSample;
			sourceTree = "<group>";
		};
		1465A5A527AE842A003BF8DB /* Handler */ = {
			isa = PBXGroup;
			children = (
				1465A5A627AE843C003BF8DB /* DeeplinkHandlerProtocol.swift */,
				1465A5A827AE846E003BF8DB /* DeeplinkCoordinator.swift */,
				1465A5AA27AE8521003BF8DB /* DebugDeeplinkHandler.swift */,
			);
			path = Handler;
			sourceTree = "<group>";
		};
/* End PBXGroup section */

/* Begin PBXNativeTarget section */
		1465A58D27AE8018003BF8DB /* DeeplinkSample */ = {
			isa = PBXNativeTarget;
			buildConfigurationList = 1465A5A227AE801A003BF8DB /* Build configuration list for PBXNativeTarget "DeeplinkSample" */;
			buildPhases = (
				1465A58A27AE8018003BF8DB /* Sources */,
				1465A58B27AE8018003BF8DB /* Frameworks */,
				1465A58C27AE8018003BF8DB /* Resources */,
			);
			buildRules = (
			);
			dependencies = (
			);
			name = DeeplinkSample;
			productName = DeeplinkSample;
			productReference = 1465A58E27AE8018003BF8DB /* DeeplinkSample.app */;
			productType = "com.apple.product-type.application";
		};
/* End PBXNativeTarget section */

/* Begin PBXProject section */
		1465A58627AE8018003BF8DB /* Project object */ = {
			isa = PBXProject;
			attributes = {
				BuildIndependentTargetsInParallel = 1;
				LastSwiftUpdateCheck = 1310;
				LastUpgradeCheck = 1310;
				TargetAttributes = {
					1465A58D27AE8018003BF8DB = {
						CreatedOnToolsVersion = 13.1;
					};
				};
			};
			buildConfigurationList = 1465A58927AE8018003BF8DB /* Build configuration list for PBXProject "DeeplinkSample" */;
			compatibilityVersion = "Xcode 13.0";
			developmentRegion = en;
			hasScannedForEncodings = 0;
			knownRegions = (
				en,
				Base,
			);
			mainGroup = 1465A58527AE8018003BF8DB;
			productRefGroup = 1465A58F27AE8018003BF8DB /* Products */;
			projectDirPath = "";
			projectRoot = "";
			targets = (
				1465A58D27AE8018003BF8DB /* DeeplinkSample */,
			);
		};
/* End PBXProject section */

/* Begin PBXResourcesBuildPhase section */
		1465A58C27AE8018003BF8DB /* Resources */ = {
			isa = PBXResourcesBuildPhase;
			buildActionMask = 2147483647;
			files = (
				1465A59E27AE801A003BF8DB /* LaunchScreen.storyboard in Resources */,
				1465A59B27AE801A003BF8DB /* Assets.xcassets in Resources */,
				1465A59927AE8018003BF8DB /* Main.storyboard in Resources */,
			);
			runOnlyForDeploymentPostprocessing = 0;
		};
/* End PBXResourcesBuildPhase section */

/* Begin PBXSourcesBuildPhase section */
		1465A58A27AE8018003BF8DB /* Sources */ = {
			isa = PBXSourcesBuildPhase;
			buildActionMask = 2147483647;
			files = (
				1465A5AB27AE8521003BF8DB /* DebugDeeplinkHandler.swift in Sources */,
				1465A5A927AE846E003BF8DB /* DeeplinkCoordinator.swift in Sources */,
				1465A5A727AE843C003BF8DB /* DeeplinkHandlerProtocol.swift in Sources */,
				1465A59627AE8018003BF8DB /* ViewController.swift in Sources */,
				1465A59227AE8018003BF8DB /* AppDelegate.swift in Sources */,
				1465A59427AE8018003BF8DB /* SceneDelegate.swift in Sources */,
			);
			runOnlyForDeploymentPostprocessing = 0;
		};
/* End PBXSourcesBuildPhase section */

/* Begin PBXVariantGroup section */
		1465A59727AE8018003BF8DB /* Main.storyboard */ = {
			isa = PBXVariantGroup;
			children = (
				1465A59827AE8018003BF8DB /* Base */,
			);
			name = Main.storyboard;
			sourceTree = "<group>";
		};
		1465A59C27AE801A003BF8DB /* LaunchScreen.storyboard */ = {
			isa = PBXVariantGroup;
			children = (
				1465A59D27AE801A003BF8DB /* Base */,
			);
			name = LaunchScreen.storyboard;
			sourceTree = "<group>";
		};
/* End PBXVariantGroup section */

/* Begin XCBuildConfiguration section */
		1465A5A027AE801A003BF8DB /* Debug */ = {
			isa = XCBuildConfiguration;
			buildSettings = {
				ALWAYS_SEARCH_USER_PATHS = NO;
				CLANG_ANALYZER_NONNULL = YES;
				CLANG_ANALYZER_NUMBER_OBJECT_CONVERSION = YES_AGGRESSIVE;
				CLANG_CXX_LANGUAGE_STANDARD = "gnu++17";
				CLANG_CXX_LIBRARY = "libc++";
				CLANG_ENABLE_MODULES = YES;
				CLANG_ENABLE_OBJC_ARC = YES;
				CLANG_ENABLE_OBJC_WEAK = YES;
				CLANG_WARN_BLOCK_CAPTURE_AUTORELEASING = YES;
				CLANG_WARN_BOOL_CONVERSION = YES;
				CLANG_WARN_COMMA = YES;
				CLANG_WARN_CONSTANT_CONVERSION = YES;
				CLANG_WARN_DEPRECATED_OBJC_IMPLEMENTATIONS = YES;
				CLANG_WARN_DIRECT_OBJC_ISA_USAGE = YES_ERROR;
				CLANG_WARN_DOCUMENTATION_COMMENTS = YES;
				CLANG_WARN_EMPTY_BODY = YES;
				CLANG_WARN_ENUM_CONVERSION = YES;
				CLANG_WARN_INFINITE_RECURSION = YES;
				CLANG_WARN_INT_CONVERSION = YES;
				CLANG_WARN_NON_LITERAL_NULL_CONVERSION = YES;
				CLANG_WARN_OBJC_IMPLICIT_RETAIN_SELF = YES;
				CLANG_WARN_OBJC_LITERAL_CONVERSION = YES;
				CLANG_WARN_OBJC_ROOT_CLASS = YES_ERROR;
				CLANG_WARN_QUOTED_INCLUDE_IN_FRAMEWORK_HEADER = YES;
				CLANG_WARN_RANGE_LOOP_ANALYSIS = YES;
				CLANG_WARN_STRICT_PROTOTYPES = YES;
				CLANG_WARN_SUSPICIOUS_MOVE = YES;
				CLANG_WARN_UNGUARDED_AVAILABILITY = YES_AGGRESSIVE;
				CLANG_WARN_UNREACHABLE_CODE = YES;
				CLANG_WARN__DUPLICATE_METHOD_MATCH = YES;
				COPY_PHASE_STRIP = NO;
				DEBUG_INFORMATION_FORMAT = dwarf;
				ENABLE_STRICT_OBJC_MSGSEND = YES;
				ENABLE_TESTABILITY = YES;
				GCC_C_LANGUAGE_STANDARD = gnu11;
				GCC_DYNAMIC_NO_PIC = NO;
				GCC_NO_COMMON_BLOCKS = YES;
				GCC_OPTIMIZATION_LEVEL = 0;
				GCC_PREPROCESSOR_DEFINITIONS = (
					"DEBUG=1",
					"$(inherited)",
				);
				GCC_WARN_64_TO_32_BIT_CONVERSION = YES;
				GCC_WARN_ABOUT_RETURN_TYPE = YES_ERROR;
				GCC_WARN_UNDECLARED_SELECTOR = YES;
				GCC_WARN_UNINITIALIZED_AUTOS = YES_AGGRESSIVE;
				GCC_WARN_UNUSED_FUNCTION = YES;
				GCC_WARN_UNUSED_VARIABLE = YES;
				IPHONEOS_DEPLOYMENT_TARGET = 15.0;
				MTL_ENABLE_DEBUG_INFO = INCLUDE_SOURCE;
				MTL_FAST_MATH = YES;
				ONLY_ACTIVE_ARCH = YES;
				SDKROOT = iphoneos;
				SWIFT_ACTIVE_COMPILATION_CONDITIONS = DEBUG;
				SWIFT_OPTIMIZATION_LEVEL = "-Onone";
			};
			name = Debug;
		};
		1465A5A127AE801A003BF8DB /* Release */ = {
			isa = XCBuildConfiguration;
			buildSettings = {
				ALWAYS_SEARCH_USER_PATHS = NO;
				CLANG_ANALYZER_NONNULL = YES;
				CLANG_ANALYZER_NUMBER_OBJECT_CONVERSION = YES_AGGRESSIVE;
				CLANG_CXX_LANGUAGE_STANDARD = "gnu++17";
				CLANG_CXX_LIBRARY = "libc++";
				CLANG_ENABLE_MODULES = YES;
				CLANG_ENABLE_OBJC_ARC = YES;
				CLANG_ENABLE_OBJC_WEAK = YES;
				CLANG_WARN_BLOCK_CAPTURE_AUTORELEASING = YES;
				CLANG_WARN_BOOL_CONVERSION = YES;
				CLANG_WARN_COMMA = YES;
				CLANG_WARN_CONSTANT_CONVERSION = YES;
				CLANG_WARN_DEPRECATED_OBJC_IMPLEMENTATIONS = YES;
				CLANG_WARN_DIRECT_OBJC_ISA_USAGE = YES_ERROR;
				CLANG_WARN_DOCUMENTATION_COMMENTS = YES;
				CLANG_WARN_EMPTY_BODY = YES;
				CLANG_WARN_ENUM_CONVERSION = YES;
				CLANG_WARN_INFINITE_RECURSION = YES;
				CLANG_WARN_INT_CONVERSION = YES;
				CLANG_WARN_NON_LITERAL_NULL_CONVERSION = YES;
				CLANG_WARN_OBJC_IMPLICIT_RETAIN_SELF = YES;
				CLANG_WARN_OBJC_LITERAL_CONVERSION = YES;
				CLANG_WARN_OBJC_ROOT_CLASS = YES_ERROR;
				CLANG_WARN_QUOTED_INCLUDE_IN_FRAMEWORK_HEADER = YES;
				CLANG_WARN_RANGE_LOOP_ANALYSIS = YES;
				CLANG_WARN_STRICT_PROTOTYPES = YES;
				CLANG_WARN_SUSPICIOUS_MOVE = YES;
				CLANG_WARN_UNGUARDED_AVAILABILITY = YES_AGGRESSIVE;
				CLANG_WARN_UNREACHABLE_CODE = YES;
				CLANG_WARN__DUPLICATE_METHOD_MATCH = YES;
				COPY_PHASE_STRIP = NO;
				DEBUG_INFORMATION_FORMAT = "dwarf-with-dsym";
				ENABLE_NS_ASSERTIONS = NO;
				ENABLE_STRICT_OBJC_MSGSEND = YES;
				GCC_C_LANGUAGE_STANDARD = gnu11;
				GCC_NO_COMMON_BLOCKS = YES;
				GCC_WARN_64_TO_32_BIT_CONVERSION = YES;
				GCC_WARN_ABOUT_RETURN_TYPE = YES_ERROR;
				GCC_WARN_UNDECLARED_SELECTOR = YES;
				GCC_WARN_UNINITIALIZED_AUTOS = YES_AGGRESSIVE;
				GCC_WARN_UNUSED_FUNCTION = YES;
				GCC_WARN_UNUSED_VARIABLE = YES;
				IPHONEOS_DEPLOYMENT_TARGET = 15.0;
				MTL_ENABLE_DEBUG_INFO = NO;
				MTL_FAST_MATH = YES;
				SDKROOT = iphoneos;
				SWIFT_COMPILATION_MODE = wholemodule;
				SWIFT_OPTIMIZATION_LEVEL = "-O";
				VALIDATE_PRODUCT = YES;
			};
			name = Release;
		};
		1465A5A327AE801A003BF8DB /* Debug */ = {
			isa = XCBuildConfiguration;
			buildSettings = {
				ASSETCATALOG_COMPILER_APPICON_NAME = AppIcon;
				ASSETCATALOG_COMPILER_GLOBAL_ACCENT_COLOR_NAME = AccentColor;
				CODE_SIGN_STYLE = Automatic;
				CURRENT_PROJECT_VERSION = 1;
				DEVELOPMENT_TEAM = XG3URJ46HG;
				GENERATE_INFOPLIST_FILE = YES;
				INFOPLIST_FILE = DeeplinkSample/Info.plist;
				INFOPLIST_KEY_UIApplicationSupportsIndirectInputEvents = YES;
				INFOPLIST_KEY_UILaunchStoryboardName = LaunchScreen;
				INFOPLIST_KEY_UIMainStoryboardFile = Main;
				INFOPLIST_KEY_UISupportedInterfaceOrientations_iPad = "UIInterfaceOrientationPortrait UIInterfaceOrientationPortraitUpsideDown UIInterfaceOrientationLandscapeLeft UIInterfaceOrientationLandscapeRight";
				INFOPLIST_KEY_UISupportedInterfaceOrientations_iPhone = "UIInterfaceOrientationPortrait UIInterfaceOrientationLandscapeLeft UIInterfaceOrientationLandscapeRight";
				LD_RUNPATH_SEARCH_PATHS = (
					"$(inherited)",
					"@executable_path/Frameworks",
				);
				MARKETING_VERSION = 1.0;
				PRODUCT_BUNDLE_IDENTIFIER = com.benoitpasquier.DeeplinkSample;
				PRODUCT_NAME = "$(TARGET_NAME)";
				SWIFT_EMIT_LOC_STRINGS = YES;
				SWIFT_VERSION = 5.0;
				TARGETED_DEVICE_FAMILY = "1,2";
			};
			name = Debug;
		};
		1465A5A427AE801A003BF8DB /* Release */ = {
			isa = XCBuildConfiguration;
			buildSettings = {
				ASSETCATALOG_COMPILER_APPICON_NAME = AppIcon;
				ASSETCATALOG_COMPILER_GLOBAL_ACCENT_COLOR_NAME = AccentColor;
				CODE_SIGN_STYLE = Automatic;
				CURRENT_PROJECT_VERSION = 1;
				DEVELOPMENT_TEAM = XG3URJ46HG;
				GENERATE_INFOPLIST_FILE = YES;
				INFOPLIST_FILE = DeeplinkSample/Info.plist;
				INFOPLIST_KEY_UIApplicationSupportsIndirectInputEvents = YES;
				INFOPLIST_KEY_UILaunchStoryboardName = LaunchScreen;
				INFOPLIST_KEY_UIMainStoryboardFile = Main;
				INFOPLIST_KEY_UISupportedInterfaceOrientations_iPad = "UIInterfaceOrientationPortrait UIInterfaceOrientationPortraitUpsideDown UIInterfaceOrientationLandscapeLeft UIInterfaceOrientationLandscapeRight";
				INFOPLIST_KEY_UISupportedInterfaceOrientations_iPhone = "UIInterfaceOrientationPortrait UIInterfaceOrientationLandscapeLeft UIInterfaceOrientationLandscapeRight";
				LD_RUNPATH_SEARCH_PATHS = (
					"$(inherited)",
					"@executable_path/Frameworks",
				);
				MARKETING_VERSION = 1.0;
				PRODUCT_BUNDLE_IDENTIFIER = com.benoitpasquier.DeeplinkSample;
				PRODUCT_NAME = "$(TARGET_NAME)";
				SWIFT_EMIT_LOC_STRINGS = YES;
				SWIFT_VERSION = 5.0;
				TARGETED_DEVICE_FAMILY = "1,2";
			};
			name = Release;
		};
/* End XCBuildConfiguration section */

/* Begin XCConfigurationList section */
		1465A58927AE8018003BF8DB /* Build configuration list for PBXProject "DeeplinkSample" */ = {
			isa = XCConfigurationList;
			buildConfigurations = (
				1465A5A027AE801A003BF8DB /* Debug */,
				1465A5A127AE801A003BF8DB /* Release */,
			);
			defaultConfigurationIsVisible = 0;
			defaultConfigurationName = Release;
		};
		1465A5A227AE801A003BF8DB /* Build configuration list for PBXNativeTarget "DeeplinkSample" */ = {
			isa = XCConfigurationList;
			buildConfigurations = (
				1465A5A327AE801A003BF8DB /* Debug */,
				1465A5A427AE801A003BF8DB /* Release */,
			);
			defaultConfigurationIsVisible = 0;
			defaultConfigurationName = Release;
		};
/* End XCConfigurationList section */
	};
	rootObject = 1465A58627AE8018003BF8DB /* Project object */;
}
