// !$*UTF8*$!
{
	archiveVersion = 1;
	classes = {
	};
	objectVersion = 50;
	objects = {

/* Begin PBXBuildFile section */
		1478C93B24444D600081645A /* SleepService.swift in Sources */ = {isa = PBXBuildFile; fileRef = 1478C93A24444D600081645A /* SleepService.swift */; };
		147F2D12244196CC00048901 /* AppDelegate.swift in Sources */ = {isa = PBXBuildFile; fileRef = 147F2D11244196CC00048901 /* AppDelegate.swift */; };
		147F2D14244196CC00048901 /* SceneDelegate.swift in Sources */ = {isa = PBXBuildFile; fileRef = 147F2D13244196CC00048901 /* SceneDelegate.swift */; };
		147F2D16244196CC00048901 /* ViewController.swift in Sources */ = {isa = PBXBuildFile; fileRef = 147F2D15244196CC00048901 /* ViewController.swift */; };
		147F2D19244196CC00048901 /* Main.storyboard in Resources */ = {isa = PBXBuildFile; fileRef = 147F2D17244196CC00048901 /* Main.storyboard */; };
		147F2D1B244196CF00048901 /* Assets.xcassets in Resources */ = {isa = PBXBuildFile; fileRef = 147F2D1A244196CF00048901 /* Assets.xcassets */; };
		147F2D1E244196CF00048901 /* LaunchScreen.storyboard in Resources */ = {isa = PBXBuildFile; fileRef = 147F2D1C244196CF00048901 /* LaunchScreen.storyboard */; };
		147F2D282441989200048901 /* HealthKit.framework in Frameworks */ = {isa = PBXBuildFile; fileRef = 147F2D272441989200048901 /* HealthKit.framework */; };
/* End PBXBuildFile section */

/* Begin PBXFileReference section */
		1478C93A24444D600081645A /* SleepService.swift */ = {isa = PBXFileReference; lastKnownFileType = sourcecode.swift; path = SleepService.swift; sourceTree = "<group>"; };
		147F2D0E244196CC00048901 /* HealthSample.app */ = {isa = PBXFileReference; explicitFileType = wrapper.application; includeInIndex = 0; path = HealthSample.app; sourceTree = BUILT_PRODUCTS_DIR; };
		147F2D11244196CC00048901 /* AppDelegate.swift */ = {isa = PBXFileReference; lastKnownFileType = sourcecode.swift; path = AppDelegate.swift; sourceTree = "<group>"; };
		147F2D13244196CC00048901 /* SceneDelegate.swift */ = {isa = PBXFileReference; lastKnownFileType = sourcecode.swift; path = SceneDelegate.swift; sourceTree = "<group>"; };
		147F2D15244196CC00048901 /* ViewController.swift */ = {isa = PBXFileReference; lastKnownFileType = sourcecode.swift; path = ViewController.swift; sourceTree = "<group>"; };
		147F2D18244196CC00048901 /* Base */ = {isa = PBXFileReference; lastKnownFileType = file.storyboard; name = Base; path = Base.lproj/Main.storyboard; sourceTree = "<group>"; };
		147F2D1A244196CF00048901 /* Assets.xcassets */ = {isa = PBXFileReference; lastKnownFileType = folder.assetcatalog; path = Assets.xcassets; sourceTree = "<group>"; };
		147F2D1D244196CF00048901 /* Base */ = {isa = PBXFileReference; lastKnownFileType = file.storyboard; name = Base; path = Base.lproj/LaunchScreen.storyboard; sourceTree = "<group>"; };
		147F2D1F244196CF00048901 /* Info.plist */ = {isa = PBXFileReference; lastKnownFileType = text.plist.xml; path = Info.plist; sourceTree = "<group>"; };
		147F2D252441989200048901 /* HealthSample.entitlements */ = {isa = PBXFileReference; lastKnownFileType = text.plist.entitlements; path = HealthSample.entitlements; sourceTree = "<group>"; };
		147F2D272441989200048901 /* HealthKit.framework */ = {isa = PBXFileReference; lastKnownFileType = wrapper.framework; name = HealthKit.framework; path = System/Library/Frameworks/HealthKit.framework; sourceTree = SDKROOT; };
/* End PBXFileReference section */

/* Begin PBXFrameworksBuildPhase section */
		147F2D0B244196CC00048901 /* Frameworks */ = {
			isa = PBXFrameworksBuildPhase;
			buildActionMask = 2147483647;
			files = (
				147F2D282441989200048901 /* HealthKit.framework in Frameworks */,
			);
			runOnlyForDeploymentPostprocessing = 0;
		};
/* End PBXFrameworksBuildPhase section */

/* Begin PBXGroup section */
		147F2D05244196CC00048901 = {
			isa = PBXGroup;
			children = (
				147F2D10244196CC00048901 /* HealthSample */,
				147F2D0F244196CC00048901 /* Products */,
				147F2D262441989200048901 /* Frameworks */,
			);
			sourceTree = "<group>";
		};
		147F2D0F244196CC00048901 /* Products */ = {
			isa = PBXGroup;
			children = (
				147F2D0E244196CC00048901 /* HealthSample.app */,
			);
			name = Products;
			sourceTree = "<group>";
		};
		147F2D10244196CC00048901 /* HealthSample */ = {
			isa = PBXGroup;
			children = (
				147F2D252441989200048901 /* HealthSample.entitlements */,
				147F2D11244196CC00048901 /* AppDelegate.swift */,
				147F2D13244196CC00048901 /* SceneDelegate.swift */,
				147F2D15244196CC00048901 /* ViewController.swift */,
				1478C93A24444D600081645A /* SleepService.swift */,
				147F2D17244196CC00048901 /* Main.storyboard */,
				147F2D1A244196CF00048901 /* Assets.xcassets */,
				147F2D1C244196CF00048901 /* LaunchScreen.storyboard */,
				147F2D1F244196CF00048901 /* Info.plist */,
			);
			path = HealthSample;
			sourceTree = "<group>";
		};
		147F2D262441989200048901 /* Frameworks */ = {
			isa = PBXGroup;
			children = (
				147F2D272441989200048901 /* HealthKit.framework */,
			);
			name = Frameworks;
			sourceTree = "<group>";
		};
/* End PBXGroup section */

/* Begin PBXNativeTarget section */
		147F2D0D244196CC00048901 /* HealthSample */ = {
			isa = PBXNativeTarget;
			buildConfigurationList = 147F2D22244196CF00048901 /* Build configuration list for PBXNativeTarget "HealthSample" */;
			buildPhases = (
				147F2D0A244196CC00048901 /* Sources */,
				147F2D0B244196CC00048901 /* Frameworks */,
				147F2D0C244196CC00048901 /* Resources */,
			);
			buildRules = (
			);
			dependencies = (
			);
			name = HealthSample;
			productName = HealthSample;
			productReference = 147F2D0E244196CC00048901 /* HealthSample.app */;
			productType = "com.apple.product-type.application";
		};
/* End PBXNativeTarget section */

/* Begin PBXProject section */
		147F2D06244196CC00048901 /* Project object */ = {
			isa = PBXProject;
			attributes = {
				LastSwiftUpdateCheck = 1130;
				LastUpgradeCheck = 1130;
				ORGANIZATIONNAME = "Benoit PASQUIER";
				TargetAttributes = {
					147F2D0D244196CC00048901 = {
						CreatedOnToolsVersion = 11.3;
					};
				};
			};
			buildConfigurationList = 147F2D09244196CC00048901 /* Build configuration list for PBXProject "HealthSample" */;
			compatibilityVersion = "Xcode 9.3";
			developmentRegion = en;
			hasScannedForEncodings = 0;
			knownRegions = (
				en,
				Base,
			);
			mainGroup = 147F2D05244196CC00048901;
			productRefGroup = 147F2D0F244196CC00048901 /* Products */;
			projectDirPath = "";
			projectRoot = "";
			targets = (
				147F2D0D244196CC00048901 /* HealthSample */,
			);
		};
/* End PBXProject section */

/* Begin PBXResourcesBuildPhase section */
		147F2D0C244196CC00048901 /* Resources */ = {
			isa = PBXResourcesBuildPhase;
			buildActionMask = 2147483647;
			files = (
				147F2D1E244196CF00048901 /* LaunchScreen.storyboard in Resources */,
				147F2D1B244196CF00048901 /* Assets.xcassets in Resources */,
				147F2D19244196CC00048901 /* Main.storyboard in Resources */,
			);
			runOnlyForDeploymentPostprocessing = 0;
		};
/* End PBXResourcesBuildPhase section */

/* Begin PBXSourcesBuildPhase section */
		147F2D0A244196CC00048901 /* Sources */ = {
			isa = PBXSourcesBuildPhase;
			buildActionMask = 2147483647;
			files = (
				147F2D16244196CC00048901 /* ViewController.swift in Sources */,
				147F2D12244196CC00048901 /* AppDelegate.swift in Sources */,
				147F2D14244196CC00048901 /* SceneDelegate.swift in Sources */,
				1478C93B24444D600081645A /* SleepService.swift in Sources */,
			);
			runOnlyForDeploymentPostprocessing = 0;
		};
/* End PBXSourcesBuildPhase section */

/* Begin PBXVariantGroup section */
		147F2D17244196CC00048901 /* Main.storyboard */ = {
			isa = PBXVariantGroup;
			children = (
				147F2D18244196CC00048901 /* Base */,
			);
			name = Main.storyboard;
			sourceTree = "<group>";
		};
		147F2D1C244196CF00048901 /* LaunchScreen.storyboard */ = {
			isa = PBXVariantGroup;
			children = (
				147F2D1D244196CF00048901 /* Base */,
			);
			name = LaunchScreen.storyboard;
			sourceTree = "<group>";
		};
/* End PBXVariantGroup section */

/* Begin XCBuildConfiguration section */
		147F2D20244196CF00048901 /* Debug */ = {
			isa = XCBuildConfiguration;
			buildSettings = {
				ALWAYS_SEARCH_USER_PATHS = NO;
				CLANG_ANALYZER_NONNULL = YES;
				CLANG_ANALYZER_NUMBER_OBJECT_CONVERSION = YES_AGGRESSIVE;
				CLANG_CXX_LANGUAGE_STANDARD = "gnu++14";
				CLANG_CXX_LIBRARY = "libc++";
				CLANG_ENABLE_MODULES = YES;
				CLANG_ENABLE_OBJC_ARC = YES;
				CLANG_ENABLE_OBJC_WEAK = YES;
				CLANG_WARN_BLOCK_CAPTURE_AUTORELEASING = YES;
				CLANG_WARN_BOOL_CONVERSION = YES;
				CLANG_WARN_COMMA = YES;
				CLANG_WARN_CONSTANT_CONVERSION = YES;
				CLANG_WARN_DEPRECATED_OBJC_IMPLEMENTATIONS = YES;
				CLANG_WARN_DIRECT_OBJC_ISA_USAGE = YES_ERROR;
				CLANG_WARN_DOCUMENTATION_COMMENTS = YES;
				CLANG_WARN_EMPTY_BODY = YES;
				CLANG_WARN_ENUM_CONVERSION = YES;
				CLANG_WARN_INFINITE_RECURSION = YES;
				CLANG_WARN_INT_CONVERSION = YES;
				CLANG_WARN_NON_LITERAL_NULL_CONVERSION = YES;
				CLANG_WARN_OBJC_IMPLICIT_RETAIN_SELF = YES;
				CLANG_WARN_OBJC_LITERAL_CONVERSION = YES;
				CLANG_WARN_OBJC_ROOT_CLASS = YES_ERROR;
				CLANG_WARN_RANGE_LOOP_ANALYSIS = YES;
				CLANG_WARN_STRICT_PROTOTYPES = YES;
				CLANG_WARN_SUSPICIOUS_MOVE = YES;
				CLANG_WARN_UNGUARDED_AVAILABILITY = YES_AGGRESSIVE;
				CLANG_WARN_UNREACHABLE_CODE = YES;
				CLANG_WARN__DUPLICATE_METHOD_MATCH = YES;
				COPY_PHASE_STRIP = NO;
				DEBUG_INFORMATION_FORMAT = dwarf;
				ENABLE_STRICT_OBJC_MSGSEND = YES;
				ENABLE_TESTABILITY = YES;
				GCC_C_LANGUAGE_STANDARD = gnu11;
				GCC_DYNAMIC_NO_PIC = NO;
				GCC_NO_COMMON_BLOCKS = YES;
				GCC_OPTIMIZATION_LEVEL = 0;
				GCC_PREPROCESSOR_DEFINITIONS = (
					"DEBUG=1",
					"$(inherited)",
				);
				GCC_WARN_64_TO_32_BIT_CONVERSION = YES;
				GCC_WARN_ABOUT_RETURN_TYPE = YES_ERROR;
				GCC_WARN_UNDECLARED_SELECTOR = YES;
				GCC_WARN_UNINITIALIZED_AUTOS = YES_AGGRESSIVE;
				GCC_WARN_UNUSED_FUNCTION = YES;
				GCC_WARN_UNUSED_VARIABLE = YES;
				IPHONEOS_DEPLOYMENT_TARGET = 13.2;
				MTL_ENABLE_DEBUG_INFO = INCLUDE_SOURCE;
				MTL_FAST_MATH = YES;
				ONLY_ACTIVE_ARCH = YES;
				SDKROOT = iphoneos;
				SWIFT_ACTIVE_COMPILATION_CONDITIONS = DEBUG;
				SWIFT_OPTIMIZATION_LEVEL = "-Onone";
			};
			name = Debug;
		};
		147F2D21244196CF00048901 /* Release */ = {
			isa = XCBuildConfiguration;
			buildSettings = {
				ALWAYS_SEARCH_USER_PATHS = NO;
				CLANG_ANALYZER_NONNULL = YES;
				CLANG_ANALYZER_NUMBER_OBJECT_CONVERSION = YES_AGGRESSIVE;
				CLANG_CXX_LANGUAGE_STANDARD = "gnu++14";
				CLANG_CXX_LIBRARY = "libc++";
				CLANG_ENABLE_MODULES = YES;
				CLANG_ENABLE_OBJC_ARC = YES;
				CLANG_ENABLE_OBJC_WEAK = YES;
				CLANG_WARN_BLOCK_CAPTURE_AUTORELEASING = YES;
				CLANG_WARN_BOOL_CONVERSION = YES;
				CLANG_WARN_COMMA = YES;
				CLANG_WARN_CONSTANT_CONVERSION = YES;
				CLANG_WARN_DEPRECATED_OBJC_IMPLEMENTATIONS = YES;
				CLANG_WARN_DIRECT_OBJC_ISA_USAGE = YES_ERROR;
				CLANG_WARN_DOCUMENTATION_COMMENTS = YES;
				CLANG_WARN_EMPTY_BODY = YES;
				CLANG_WARN_ENUM_CONVERSION = YES;
				CLANG_WARN_INFINITE_RECURSION = YES;
				CLANG_WARN_INT_CONVERSION = YES;
				CLANG_WARN_NON_LITERAL_NULL_CONVERSION = YES;
				CLANG_WARN_OBJC_IMPLICIT_RETAIN_SELF = YES;
				CLANG_WARN_OBJC_LITERAL_CONVERSION = YES;
				CLANG_WARN_OBJC_ROOT_CLASS = YES_ERROR;
				CLANG_WARN_RANGE_LOOP_ANALYSIS = YES;
				CLANG_WARN_STRICT_PROTOTYPES = YES;
				CLANG_WARN_SUSPICIOUS_MOVE = YES;
				CLANG_WARN_UNGUARDED_AVAILABILITY = YES_AGGRESSIVE;
				CLANG_WARN_UNREACHABLE_CODE = YES;
				CLANG_WARN__DUPLICATE_METHOD_MATCH = YES;
				COPY_PHASE_STRIP = NO;
				DEBUG_INFORMATION_FORMAT = "dwarf-with-dsym";
				ENABLE_NS_ASSERTIONS = NO;
				ENABLE_STRICT_OBJC_MSGSEND = YES;
				GCC_C_LANGUAGE_STANDARD = gnu11;
				GCC_NO_COMMON_BLOCKS = YES;
				GCC_WARN_64_TO_32_BIT_CONVERSION = YES;
				GCC_WARN_ABOUT_RETURN_TYPE = YES_ERROR;
				GCC_WARN_UNDECLARED_SELECTOR = YES;
				GCC_WARN_UNINITIALIZED_AUTOS = YES_AGGRESSIVE;
				GCC_WARN_UNUSED_FUNCTION = YES;
				GCC_WARN_UNUSED_VARIABLE = YES;
				IPHONEOS_DEPLOYMENT_TARGET = 13.2;
				MTL_ENABLE_DEBUG_INFO = NO;
				MTL_FAST_MATH = YES;
				SDKROOT = iphoneos;
				SWIFT_COMPILATION_MODE = wholemodule;
				SWIFT_OPTIMIZATION_LEVEL = "-O";
				VALIDATE_PRODUCT = YES;
			};
			name = Release;
		};
		147F2D23244196CF00048901 /* Debug */ = {
			isa = XCBuildConfiguration;
			buildSettings = {
				ASSETCATALOG_COMPILER_APPICON_NAME = AppIcon;
				CODE_SIGN_ENTITLEMENTS = HealthSample/HealthSample.entitlements;
				CODE_SIGN_STYLE = Automatic;
				DEVELOPMENT_TEAM = XG3URJ46HG;
				INFOPLIST_FILE = HealthSample/Info.plist;
				LD_RUNPATH_SEARCH_PATHS = (
					"$(inherited)",
					"@executable_path/Frameworks",
				);
				PRODUCT_BUNDLE_IDENTIFIER = com.benoitpasquier.HealthSample;
				PRODUCT_NAME = "$(TARGET_NAME)";
				SWIFT_VERSION = 5.0;
				TARGETED_DEVICE_FAMILY = "1,2";
			};
			name = Debug;
		};
		147F2D24244196CF00048901 /* Release */ = {
			isa = XCBuildConfiguration;
			buildSettings = {
				ASSETCATALOG_COMPILER_APPICON_NAME = AppIcon;
				CODE_SIGN_ENTITLEMENTS = HealthSample/HealthSample.entitlements;
				CODE_SIGN_STYLE = Automatic;
				DEVELOPMENT_TEAM = XG3URJ46HG;
				INFOPLIST_FILE = HealthSample/Info.plist;
				LD_RUNPATH_SEARCH_PATHS = (
					"$(inherited)",
					"@executable_path/Frameworks",
				);
				PRODUCT_BUNDLE_IDENTIFIER = com.benoitpasquier.HealthSample;
				PRODUCT_NAME = "$(TARGET_NAME)";
				SWIFT_VERSION = 5.0;
				TARGETED_DEVICE_FAMILY = "1,2";
			};
			name = Release;
		};
/* End XCBuildConfiguration section */

/* Begin XCConfigurationList section */
		147F2D09244196CC00048901 /* Build configuration list for PBXProject "HealthSample" */ = {
			isa = XCConfigurationList;
			buildConfigurations = (
				147F2D20244196CF00048901 /* Debug */,
				147F2D21244196CF00048901 /* Release */,
			);
			defaultConfigurationIsVisible = 0;
			defaultConfigurationName = Release;
		};
		147F2D22244196CF00048901 /* Build configuration list for PBXNativeTarget "HealthSample" */ = {
			isa = XCConfigurationList;
			buildConfigurations = (
				147F2D23244196CF00048901 /* Debug */,
				147F2D24244196CF00048901 /* Release */,
			);
			defaultConfigurationIsVisible = 0;
			defaultConfigurationName = Release;
		};
/* End XCConfigurationList section */
	};
	rootObject = 147F2D06244196CC00048901 /* Project object */;
}
