// !$*UTF8*$!
{
	archiveVersion = 1;
	classes = {
	};
	objectVersion = 48;
	objects = {

/* Begin PBXBuildFile section */
		14AD6F2F1FD72FEC009DFF03 /* AppDelegate.swift in Sources */ = {isa = PBXBuildFile; fileRef = 14AD6F2E1FD72FEC009DFF03 /* AppDelegate.swift */; };
		14AD6F311FD72FEC009DFF03 /* ViewController.swift in Sources */ = {isa = PBXBuildFile; fileRef = 14AD6F301FD72FEC009DFF03 /* ViewController.swift */; };
		14AD6F341FD72FEC009DFF03 /* Main.storyboard in Resources */ = {isa = PBXBuildFile; fileRef = 14AD6F321FD72FEC009DFF03 /* Main.storyboard */; };
		14AD6F361FD72FEC009DFF03 /* Assets.xcassets in Resources */ = {isa = PBXBuildFile; fileRef = 14AD6F351FD72FEC009DFF03 /* Assets.xcassets */; };
		14AD6F391FD72FEC009DFF03 /* LaunchScreen.storyboard in Resources */ = {isa = PBXBuildFile; fileRef = 14AD6F371FD72FEC009DFF03 /* LaunchScreen.storyboard */; };
		F1A975732446B4C700F2F7C0 /* UIImage+Orientation.swift in Sources */ = {isa = PBXBuildFile; fileRef = F1A975722446B4C700F2F7C0 /* UIImage+Orientation.swift */; };
/* End PBXBuildFile section */

/* Begin PBXFileReference section */
		14AD6F2B1FD72FEC009DFF03 /* VisionSample.app */ = {isa = PBXFileReference; explicitFileType = wrapper.application; includeInIndex = 0; path = VisionSample.app; sourceTree = BUILT_PRODUCTS_DIR; };
		14AD6F2E1FD72FEC009DFF03 /* AppDelegate.swift */ = {isa = PBXFileReference; lastKnownFileType = sourcecode.swift; path = AppDelegate.swift; sourceTree = "<group>"; };
		14AD6F301FD72FEC009DFF03 /* ViewController.swift */ = {isa = PBXFileReference; lastKnownFileType = sourcecode.swift; path = ViewController.swift; sourceTree = "<group>"; };
		14AD6F331FD72FEC009DFF03 /* Base */ = {isa = PBXFileReference; lastKnownFileType = file.storyboard; name = Base; path = Base.lproj/Main.storyboard; sourceTree = "<group>"; };
		14AD6F351FD72FEC009DFF03 /* Assets.xcassets */ = {isa = PBXFileReference; lastKnownFileType = folder.assetcatalog; path = Assets.xcassets; sourceTree = "<group>"; };
		14AD6F381FD72FEC009DFF03 /* Base */ = {isa = PBXFileReference; lastKnownFileType = file.storyboard; name = Base; path = Base.lproj/LaunchScreen.storyboard; sourceTree = "<group>"; };
		14AD6F3A1FD72FEC009DFF03 /* Info.plist */ = {isa = PBXFileReference; lastKnownFileType = text.plist.xml; path = Info.plist; sourceTree = "<group>"; };
		F1A975722446B4C700F2F7C0 /* UIImage+Orientation.swift */ = {isa = PBXFileReference; lastKnownFileType = sourcecode.swift; path = "UIImage+Orientation.swift"; sourceTree = "<group>"; };
/* End PBXFileReference section */

/* Begin PBXFrameworksBuildPhase section */
		14AD6F281FD72FEC009DFF03 /* Frameworks */ = {
			isa = PBXFrameworksBuildPhase;
			buildActionMask = 2147483647;
			files = (
			);
			runOnlyForDeploymentPostprocessing = 0;
		};
/* End PBXFrameworksBuildPhase section */

/* Begin PBXGroup section */
		14AD6F221FD72FEC009DFF03 = {
			isa = PBXGroup;
			children = (
				14AD6F2D1FD72FEC009DFF03 /* VisionSample */,
				14AD6F2C1FD72FEC009DFF03 /* Products */,
			);
			sourceTree = "<group>";
		};
		14AD6F2C1FD72FEC009DFF03 /* Products */ = {
			isa = PBXGroup;
			children = (
				14AD6F2B1FD72FEC009DFF03 /* VisionSample.app */,
			);
			name = Products;
			sourceTree = "<group>";
		};
		14AD6F2D1FD72FEC009DFF03 /* VisionSample */ = {
			isa = PBXGroup;
			children = (
				14AD6F2E1FD72FEC009DFF03 /* AppDelegate.swift */,
				14AD6F301FD72FEC009DFF03 /* ViewController.swift */,
				F1A975722446B4C700F2F7C0 /* UIImage+Orientation.swift */,
				14AD6F321FD72FEC009DFF03 /* Main.storyboard */,
				14AD6F351FD72FEC009DFF03 /* Assets.xcassets */,
				14AD6F371FD72FEC009DFF03 /* LaunchScreen.storyboard */,
				14AD6F3A1FD72FEC009DFF03 /* Info.plist */,
			);
			path = VisionSample;
			sourceTree = "<group>";
		};
/* End PBXGroup section */

/* Begin PBXNativeTarget section */
		14AD6F2A1FD72FEC009DFF03 /* VisionSample */ = {
			isa = PBXNativeTarget;
			buildConfigurationList = 14AD6F3D1FD72FEC009DFF03 /* Build configuration list for PBXNativeTarget "VisionSample" */;
			buildPhases = (
				14AD6F271FD72FEC009DFF03 /* Sources */,
				14AD6F281FD72FEC009DFF03 /* Frameworks */,
				14AD6F291FD72FEC009DFF03 /* Resources */,
			);
			buildRules = (
			);
			dependencies = (
			);
			name = VisionSample;
			productName = VisionSample;
			productReference = 14AD6F2B1FD72FEC009DFF03 /* VisionSample.app */;
			productType = "com.apple.product-type.application";
		};
/* End PBXNativeTarget section */

/* Begin PBXProject section */
		14AD6F231FD72FEC009DFF03 /* Project object */ = {
			isa = PBXProject;
			attributes = {
				LastSwiftUpdateCheck = 0910;
				LastUpgradeCheck = 0910;
				ORGANIZATIONNAME = "Benoit PASQUIER";
				TargetAttributes = {
					14AD6F2A1FD72FEC009DFF03 = {
						CreatedOnToolsVersion = 9.1;
						ProvisioningStyle = Automatic;
					};
				};
			};
			buildConfigurationList = 14AD6F261FD72FEC009DFF03 /* Build configuration list for PBXProject "VisionSample" */;
			compatibilityVersion = "Xcode 8.0";
			developmentRegion = en;
			hasScannedForEncodings = 0;
			knownRegions = (
				en,
				Base,
			);
			mainGroup = 14AD6F221FD72FEC009DFF03;
			productRefGroup = 14AD6F2C1FD72FEC009DFF03 /* Products */;
			projectDirPath = "";
			projectRoot = "";
			targets = (
				14AD6F2A1FD72FEC009DFF03 /* VisionSample */,
			);
		};
/* End PBXProject section */

/* Begin PBXResourcesBuildPhase section */
		14AD6F291FD72FEC009DFF03 /* Resources */ = {
			isa = PBXResourcesBuildPhase;
			buildActionMask = 2147483647;
			files = (
				14AD6F391FD72FEC009DFF03 /* LaunchScreen.storyboard in Resources */,
				14AD6F361FD72FEC009DFF03 /* Assets.xcassets in Resources */,
				14AD6F341FD72FEC009DFF03 /* Main.storyboard in Resources */,
			);
			runOnlyForDeploymentPostprocessing = 0;
		};
/* End PBXResourcesBuildPhase section */

/* Begin PBXSourcesBuildPhase section */
		14AD6F271FD72FEC009DFF03 /* Sources */ = {
			isa = PBXSourcesBuildPhase;
			buildActionMask = 2147483647;
			files = (
				14AD6F311FD72FEC009DFF03 /* ViewController.swift in Sources */,
				14AD6F2F1FD72FEC009DFF03 /* AppDelegate.swift in Sources */,
				F1A975732446B4C700F2F7C0 /* UIImage+Orientation.swift in Sources */,
			);
			runOnlyForDeploymentPostprocessing = 0;
		};
/* End PBXSourcesBuildPhase section */

/* Begin PBXVariantGroup section */
		14AD6F321FD72FEC009DFF03 /* Main.storyboard */ = {
			isa = PBXVariantGroup;
			children = (
				14AD6F331FD72FEC009DFF03 /* Base */,
			);
			name = Main.storyboard;
			sourceTree = "<group>";
		};
		14AD6F371FD72FEC009DFF03 /* LaunchScreen.storyboard */ = {
			isa = PBXVariantGroup;
			children = (
				14AD6F381FD72FEC009DFF03 /* Base */,
			);
			name = LaunchScreen.storyboard;
			sourceTree = "<group>";
		};
/* End PBXVariantGroup section */

/* Begin XCBuildConfiguration section */
		14AD6F3B1FD72FEC009DFF03 /* Debug */ = {
			isa = XCBuildConfiguration;
			buildSettings = {
				ALWAYS_SEARCH_USER_PATHS = NO;
				CLANG_ANALYZER_NONNULL = YES;
				CLANG_ANALYZER_NUMBER_OBJECT_CONVERSION = YES_AGGRESSIVE;
				CLANG_CXX_LANGUAGE_STANDARD = "gnu++14";
				CLANG_CXX_LIBRARY = "libc++";
				CLANG_ENABLE_MODULES = YES;
				CLANG_ENABLE_OBJC_ARC = YES;
				CLANG_WARN_BLOCK_CAPTURE_AUTORELEASING = YES;
				CLANG_WARN_BOOL_CONVERSION = YES;
				CLANG_WARN_COMMA = YES;
				CLANG_WARN_CONSTANT_CONVERSION = YES;
				CLANG_WARN_DIRECT_OBJC_ISA_USAGE = YES_ERROR;
				CLANG_WARN_DOCUMENTATION_COMMENTS = YES;
				CLANG_WARN_EMPTY_BODY = YES;
				CLANG_WARN_ENUM_CONVERSION = YES;
				CLANG_WARN_INFINITE_RECURSION = YES;
				CLANG_WARN_INT_CONVERSION = YES;
				CLANG_WARN_NON_LITERAL_NULL_CONVERSION = YES;
				CLANG_WARN_OBJC_LITERAL_CONVERSION = YES;
				CLANG_WARN_OBJC_ROOT_CLASS = YES_ERROR;
				CLANG_WARN_RANGE_LOOP_ANALYSIS = YES;
				CLANG_WARN_STRICT_PROTOTYPES = YES;
				CLANG_WARN_SUSPICIOUS_MOVE = YES;
				CLANG_WARN_UNGUARDED_AVAILABILITY = YES_AGGRESSIVE;
				CLANG_WARN_UNREACHABLE_CODE = YES;
				CLANG_WARN__DUPLICATE_METHOD_MATCH = YES;
				CODE_SIGN_IDENTITY = "iPhone Developer";
				COPY_PHASE_STRIP = NO;
				DEBUG_INFORMATION_FORMAT = dwarf;
				ENABLE_STRICT_OBJC_MSGSEND = YES;
				ENABLE_TESTABILITY = YES;
				GCC_C_LANGUAGE_STANDARD = gnu11;
				GCC_DYNAMIC_NO_PIC = NO;
				GCC_NO_COMMON_BLOCKS = YES;
				GCC_OPTIMIZATION_LEVEL = 0;
				GCC_PREPROCESSOR_DEFINITIONS = (
					"DEBUG=1",
					"$(inherited)",
				);
				GCC_WARN_64_TO_32_BIT_CONVERSION = YES;
				GCC_WARN_ABOUT_RETURN_TYPE = YES_ERROR;
				GCC_WARN_UNDECLARED_SELECTOR = YES;
				GCC_WARN_UNINITIALIZED_AUTOS = YES_AGGRESSIVE;
				GCC_WARN_UNUSED_FUNCTION = YES;
				GCC_WARN_UNUSED_VARIABLE = YES;
				IPHONEOS_DEPLOYMENT_TARGET = 11.1;
				MTL_ENABLE_DEBUG_INFO = YES;
				ONLY_ACTIVE_ARCH = YES;
				SDKROOT = iphoneos;
				SWIFT_ACTIVE_COMPILATION_CONDITIONS = DEBUG;
				SWIFT_OPTIMIZATION_LEVEL = "-Onone";
				SWIFT_VERSION = 5.0;
			};
			name = Debug;
		};
		14AD6F3C1FD72FEC009DFF03 /* Release */ = {
			isa = XCBuildConfiguration;
			buildSettings = {
				ALWAYS_SEARCH_USER_PATHS = NO;
				CLANG_ANALYZER_NONNULL = YES;
				CLANG_ANALYZER_NUMBER_OBJECT_CONVERSION = YES_AGGRESSIVE;
				CLANG_CXX_LANGUAGE_STANDARD = "gnu++14";
				CLANG_CXX_LIBRARY = "libc++";
				CLANG_ENABLE_MODULES = YES;
				CLANG_ENABLE_OBJC_ARC = YES;
				CLANG_WARN_BLOCK_CAPTURE_AUTORELEASING = YES;
				CLANG_WARN_BOOL_CONVERSION = YES;
				CLANG_WARN_COMMA = YES;
				CLANG_WARN_CONSTANT_CONVERSION = YES;
				CLANG_WARN_DIRECT_OBJC_ISA_USAGE = YES_ERROR;
				CLANG_WARN_DOCUMENTATION_COMMENTS = YES;
				CLANG_WARN_EMPTY_BODY = YES;
				CLANG_WARN_ENUM_CONVERSION = YES;
				CLANG_WARN_INFINITE_RECURSION = YES;
				CLANG_WARN_INT_CONVERSION = YES;
				CLANG_WARN_NON_LITERAL_NULL_CONVERSION = YES;
				CLANG_WARN_OBJC_LITERAL_CONVERSION = YES;
				CLANG_WARN_OBJC_ROOT_CLASS = YES_ERROR;
				CLANG_WARN_RANGE_LOOP_ANALYSIS = YES;
				CLANG_WARN_STRICT_PROTOTYPES = YES;
				CLANG_WARN_SUSPICIOUS_MOVE = YES;
				CLANG_WARN_UNGUARDED_AVAILABILITY = YES_AGGRESSIVE;
				CLANG_WARN_UNREACHABLE_CODE = YES;
				CLANG_WARN__DUPLICATE_METHOD_MATCH = YES;
				CODE_SIGN_IDENTITY = "iPhone Developer";
				COPY_PHASE_STRIP = NO;
				DEBUG_INFORMATION_FORMAT = "dwarf-with-dsym";
				ENABLE_NS_ASSERTIONS = NO;
				ENABLE_STRICT_OBJC_MSGSEND = YES;
				GCC_C_LANGUAGE_STANDARD = gnu11;
				GCC_NO_COMMON_BLOCKS = YES;
				GCC_WARN_64_TO_32_BIT_CONVERSION = YES;
				GCC_WARN_ABOUT_RETURN_TYPE = YES_ERROR;
				GCC_WARN_UNDECLARED_SELECTOR = YES;
				GCC_WARN_UNINITIALIZED_AUTOS = YES_AGGRESSIVE;
				GCC_WARN_UNUSED_FUNCTION = YES;
				GCC_WARN_UNUSED_VARIABLE = YES;
				IPHONEOS_DEPLOYMENT_TARGET = 11.1;
				MTL_ENABLE_DEBUG_INFO = NO;
				SDKROOT = iphoneos;
				SWIFT_OPTIMIZATION_LEVEL = "-Owholemodule";
				SWIFT_VERSION = 5.0;
				VALIDATE_PRODUCT = YES;
			};
			name = Release;
		};
		14AD6F3E1FD72FEC009DFF03 /* Debug */ = {
			isa = XCBuildConfiguration;
			buildSettings = {
				ASSETCATALOG_COMPILER_APPICON_NAME = AppIcon;
				CODE_SIGN_STYLE = Automatic;
				INFOPLIST_FILE = VisionSample/Info.plist;
				LD_RUNPATH_SEARCH_PATHS = "$(inherited) @executable_path/Frameworks";
				PRODUCT_BUNDLE_IDENTIFIER = fr.benoitpasquier.VisionSample;
				PRODUCT_NAME = "$(TARGET_NAME)";
				SWIFT_VERSION = 5.0;
				TARGETED_DEVICE_FAMILY = "1,2";
			};
			name = Debug;
		};
		14AD6F3F1FD72FEC009DFF03 /* Release */ = {
			isa = XCBuildConfiguration;
			buildSettings = {
				ASSETCATALOG_COMPILER_APPICON_NAME = AppIcon;
				CODE_SIGN_STYLE = Automatic;
				INFOPLIST_FILE = VisionSample/Info.plist;
				LD_RUNPATH_SEARCH_PATHS = "$(inherited) @executable_path/Frameworks";
				PRODUCT_BUNDLE_IDENTIFIER = fr.benoitpasquier.VisionSample;
				PRODUCT_NAME = "$(TARGET_NAME)";
				SWIFT_VERSION = 5.0;
				TARGETED_DEVICE_FAMILY = "1,2";
			};
			name = Release;
		};
/* End XCBuildConfiguration section */

/* Begin XCConfigurationList section */
		14AD6F261FD72FEC009DFF03 /* Build configuration list for PBXProject "VisionSample" */ = {
			isa = XCConfigurationList;
			buildConfigurations = (
				14AD6F3B1FD72FEC009DFF03 /* Debug */,
				14AD6F3C1FD72FEC009DFF03 /* Release */,
			);
			defaultConfigurationIsVisible = 0;
			defaultConfigurationName = Release;
		};
		14AD6F3D1FD72FEC009DFF03 /* Build configuration list for PBXNativeTarget "VisionSample" */ = {
			isa = XCConfigurationList;
			buildConfigurations = (
				14AD6F3E1FD72FEC009DFF03 /* Debug */,
				14AD6F3F1FD72FEC009DFF03 /* Release */,
			);
			defaultConfigurationIsVisible = 0;
			defaultConfigurationName = Release;
		};
/* End XCConfigurationList section */
	};
	rootObject = 14AD6F231FD72FEC009DFF03 /* Project object */;
}
