// !$*UTF8*$!
{
	archiveVersion = 1;
	classes = {
	};
	objectVersion = 50;
	objects = {

/* Begin PBXBuildFile section */
		1475C57D23D4468E0013867D /* AppDelegate.swift in Sources */ = {isa = PBXBuildFile; fileRef = 1475C57C23D4468E0013867D /* AppDelegate.swift */; };
		1475C57F23D4468E0013867D /* SceneDelegate.swift in Sources */ = {isa = PBXBuildFile; fileRef = 1475C57E23D4468E0013867D /* SceneDelegate.swift */; };
		1475C58123D4468E0013867D /* ContentView.swift in Sources */ = {isa = PBXBuildFile; fileRef = 1475C58023D4468E0013867D /* ContentView.swift */; };
		1475C58323D446920013867D /* Assets.xcassets in Resources */ = {isa = PBXBuildFile; fileRef = 1475C58223D446920013867D /* Assets.xcassets */; };
		1475C58623D446920013867D /* Preview Assets.xcassets in Resources */ = {isa = PBXBuildFile; fileRef = 1475C58523D446920013867D /* Preview Assets.xcassets */; };
		1475C58923D446920013867D /* LaunchScreen.storyboard in Resources */ = {isa = PBXBuildFile; fileRef = 1475C58723D446920013867D /* LaunchScreen.storyboard */; };
		1475C59223D44DA40013867D /* Localizable.strings in Resources */ = {isa = PBXBuildFile; fileRef = 1475C59423D44DA40013867D /* Localizable.strings */; };
/* End PBXBuildFile section */

/* Begin PBXFileReference section */
		1475C57923D4468E0013867D /* LocalizationUI.app */ = {isa = PBXFileReference; explicitFileType = wrapper.application; includeInIndex = 0; path = LocalizationUI.app; sourceTree = BUILT_PRODUCTS_DIR; };
		1475C57C23D4468E0013867D /* AppDelegate.swift */ = {isa = PBXFileReference; lastKnownFileType = sourcecode.swift; path = AppDelegate.swift; sourceTree = "<group>"; };
		1475C57E23D4468E0013867D /* SceneDelegate.swift */ = {isa = PBXFileReference; lastKnownFileType = sourcecode.swift; path = SceneDelegate.swift; sourceTree = "<group>"; };
		1475C58023D4468E0013867D /* ContentView.swift */ = {isa = PBXFileReference; lastKnownFileType = sourcecode.swift; path = ContentView.swift; sourceTree = "<group>"; };
		1475C58223D446920013867D /* Assets.xcassets */ = {isa = PBXFileReference; lastKnownFileType = folder.assetcatalog; path = Assets.xcassets; sourceTree = "<group>"; };
		1475C58523D446920013867D /* Preview Assets.xcassets */ = {isa = PBXFileReference; lastKnownFileType = folder.assetcatalog; path = "Preview Assets.xcassets"; sourceTree = "<group>"; };
		1475C58823D446920013867D /* Base */ = {isa = PBXFileReference; lastKnownFileType = file.storyboard; name = Base; path = Base.lproj/LaunchScreen.storyboard; sourceTree = "<group>"; };
		1475C58A23D446920013867D /* Info.plist */ = {isa = PBXFileReference; lastKnownFileType = text.plist.xml; path = Info.plist; sourceTree = "<group>"; };
		1475C59323D44DA40013867D /* en */ = {isa = PBXFileReference; lastKnownFileType = text.plist.strings; name = en; path = en.lproj/Localizable.strings; sourceTree = "<group>"; };
		1475C59523D44DC00013867D /* fr */ = {isa = PBXFileReference; lastKnownFileType = text.plist.strings; name = fr; path = fr.lproj/Localizable.strings; sourceTree = "<group>"; };
		1475C59623D44DD00013867D /* zh-Hans */ = {isa = PBXFileReference; lastKnownFileType = text.plist.strings; name = "zh-Hans"; path = "zh-Hans.lproj/Localizable.strings"; sourceTree = "<group>"; };
/* End PBXFileReference section */

/* Begin PBXFrameworksBuildPhase section */
		1475C57623D4468E0013867D /* Frameworks */ = {
			isa = PBXFrameworksBuildPhase;
			buildActionMask = 2147483647;
			files = (
			);
			runOnlyForDeploymentPostprocessing = 0;
		};
/* End PBXFrameworksBuildPhase section */

/* Begin PBXGroup section */
		1475C57023D4468E0013867D = {
			isa = PBXGroup;
			children = (
				1475C57B23D4468E0013867D /* LocalizationUI */,
				1475C57A23D4468E0013867D /* Products */,
			);
			sourceTree = "<group>";
		};
		1475C57A23D4468E0013867D /* Products */ = {
			isa = PBXGroup;
			children = (
				1475C57923D4468E0013867D /* LocalizationUI.app */,
			);
			name = Products;
			sourceTree = "<group>";
		};
		1475C57B23D4468E0013867D /* LocalizationUI */ = {
			isa = PBXGroup;
			children = (
				1475C57C23D4468E0013867D /* AppDelegate.swift */,
				1475C57E23D4468E0013867D /* SceneDelegate.swift */,
				1475C58023D4468E0013867D /* ContentView.swift */,
				1475C58223D446920013867D /* Assets.xcassets */,
				1475C58723D446920013867D /* LaunchScreen.storyboard */,
				1475C58A23D446920013867D /* Info.plist */,
				1475C58423D446920013867D /* Preview Content */,
				1475C59423D44DA40013867D /* Localizable.strings */,
			);
			path = LocalizationUI;
			sourceTree = "<group>";
		};
		1475C58423D446920013867D /* Preview Content */ = {
			isa = PBXGroup;
			children = (
				1475C58523D446920013867D /* Preview Assets.xcassets */,
			);
			path = "Preview Content";
			sourceTree = "<group>";
		};
/* End PBXGroup section */

/* Begin PBXNativeTarget section */
		1475C57823D4468E0013867D /* LocalizationUI */ = {
			isa = PBXNativeTarget;
			buildConfigurationList = 1475C58D23D446920013867D /* Build configuration list for PBXNativeTarget "LocalizationUI" */;
			buildPhases = (
				1475C57523D4468E0013867D /* Sources */,
				1475C57623D4468E0013867D /* Frameworks */,
				1475C57723D4468E0013867D /* Resources */,
			);
			buildRules = (
			);
			dependencies = (
			);
			name = LocalizationUI;
			productName = LocalizationUI;
			productReference = 1475C57923D4468E0013867D /* LocalizationUI.app */;
			productType = "com.apple.product-type.application";
		};
/* End PBXNativeTarget section */

/* Begin PBXProject section */
		1475C57123D4468E0013867D /* Project object */ = {
			isa = PBXProject;
			attributes = {
				LastSwiftUpdateCheck = 1130;
				LastUpgradeCheck = 1130;
				ORGANIZATIONNAME = "Benoit PASQUIER";
				TargetAttributes = {
					1475C57823D4468E0013867D = {
						CreatedOnToolsVersion = 11.3;
					};
				};
			};
			buildConfigurationList = 1475C57423D4468E0013867D /* Build configuration list for PBXProject "LocalizationUI" */;
			compatibilityVersion = "Xcode 9.3";
			developmentRegion = en;
			hasScannedForEncodings = 0;
			knownRegions = (
				en,
				Base,
				fr,
				"zh-Hans",
			);
			mainGroup = 1475C57023D4468E0013867D;
			productRefGroup = 1475C57A23D4468E0013867D /* Products */;
			projectDirPath = "";
			projectRoot = "";
			targets = (
				1475C57823D4468E0013867D /* LocalizationUI */,
			);
		};
/* End PBXProject section */

/* Begin PBXResourcesBuildPhase section */
		1475C57723D4468E0013867D /* Resources */ = {
			isa = PBXResourcesBuildPhase;
			buildActionMask = 2147483647;
			files = (
				1475C58923D446920013867D /* LaunchScreen.storyboard in Resources */,
				1475C59223D44DA40013867D /* Localizable.strings in Resources */,
				1475C58623D446920013867D /* Preview Assets.xcassets in Resources */,
				1475C58323D446920013867D /* Assets.xcassets in Resources */,
			);
			runOnlyForDeploymentPostprocessing = 0;
		};
/* End PBXResourcesBuildPhase section */

/* Begin PBXSourcesBuildPhase section */
		1475C57523D4468E0013867D /* Sources */ = {
			isa = PBXSourcesBuildPhase;
			buildActionMask = 2147483647;
			files = (
				1475C57D23D4468E0013867D /* AppDelegate.swift in Sources */,
				1475C57F23D4468E0013867D /* SceneDelegate.swift in Sources */,
				1475C58123D4468E0013867D /* ContentView.swift in Sources */,
			);
			runOnlyForDeploymentPostprocessing = 0;
		};
/* End PBXSourcesBuildPhase section */

/* Begin PBXVariantGroup section */
		1475C58723D446920013867D /* LaunchScreen.storyboard */ = {
			isa = PBXVariantGroup;
			children = (
				1475C58823D446920013867D /* Base */,
			);
			name = LaunchScreen.storyboard;
			sourceTree = "<group>";
		};
		1475C59423D44DA40013867D /* Localizable.strings */ = {
			isa = PBXVariantGroup;
			children = (
				1475C59323D44DA40013867D /* en */,
				1475C59523D44DC00013867D /* fr */,
				1475C59623D44DD00013867D /* zh-Hans */,
			);
			name = Localizable.strings;
			sourceTree = "<group>";
		};
/* End PBXVariantGroup section */

/* Begin XCBuildConfiguration section */
		1475C58B23D446920013867D /* Debug */ = {
			isa = XCBuildConfiguration;
			buildSettings = {
				ALWAYS_SEARCH_USER_PATHS = NO;
				CLANG_ANALYZER_LOCALIZABILITY_NONLOCALIZED = YES;
				CLANG_ANALYZER_NONNULL = YES;
				CLANG_ANALYZER_NUMBER_OBJECT_CONVERSION = YES_AGGRESSIVE;
				CLANG_CXX_LANGUAGE_STANDARD = "gnu++14";
				CLANG_CXX_LIBRARY = "libc++";
				CLANG_ENABLE_MODULES = YES;
				CLANG_ENABLE_OBJC_ARC = YES;
				CLANG_ENABLE_OBJC_WEAK = YES;
				CLANG_WARN_BLOCK_CAPTURE_AUTORELEASING = YES;
				CLANG_WARN_BOOL_CONVERSION = YES;
				CLANG_WARN_COMMA = YES;
				CLANG_WARN_CONSTANT_CONVERSION = YES;
				CLANG_WARN_DEPRECATED_OBJC_IMPLEMENTATIONS = YES;
				CLANG_WARN_DIRECT_OBJC_ISA_USAGE = YES_ERROR;
				CLANG_WARN_DOCUMENTATION_COMMENTS = YES;
				CLANG_WARN_EMPTY_BODY = YES;
				CLANG_WARN_ENUM_CONVERSION = YES;
				CLANG_WARN_INFINITE_RECURSION = YES;
				CLANG_WARN_INT_CONVERSION = YES;
				CLANG_WARN_NON_LITERAL_NULL_CONVERSION = YES;
				CLANG_WARN_OBJC_IMPLICIT_RETAIN_SELF = YES;
				CLANG_WARN_OBJC_LITERAL_CONVERSION = YES;
				CLANG_WARN_OBJC_ROOT_CLASS = YES_ERROR;
				CLANG_WARN_RANGE_LOOP_ANALYSIS = YES;
				CLANG_WARN_STRICT_PROTOTYPES = YES;
				CLANG_WARN_SUSPICIOUS_MOVE = YES;
				CLANG_WARN_UNGUARDED_AVAILABILITY = YES_AGGRESSIVE;
				CLANG_WARN_UNREACHABLE_CODE = YES;
				CLANG_WARN__DUPLICATE_METHOD_MATCH = YES;
				COPY_PHASE_STRIP = NO;
				DEBUG_INFORMATION_FORMAT = dwarf;
				ENABLE_STRICT_OBJC_MSGSEND = YES;
				ENABLE_TESTABILITY = YES;
				GCC_C_LANGUAGE_STANDARD = gnu11;
				GCC_DYNAMIC_NO_PIC = NO;
				GCC_NO_COMMON_BLOCKS = YES;
				GCC_OPTIMIZATION_LEVEL = 0;
				GCC_PREPROCESSOR_DEFINITIONS = (
					"DEBUG=1",
					"$(inherited)",
				);
				GCC_WARN_64_TO_32_BIT_CONVERSION = YES;
				GCC_WARN_ABOUT_RETURN_TYPE = YES_ERROR;
				GCC_WARN_UNDECLARED_SELECTOR = YES;
				GCC_WARN_UNINITIALIZED_AUTOS = YES_AGGRESSIVE;
				GCC_WARN_UNUSED_FUNCTION = YES;
				GCC_WARN_UNUSED_VARIABLE = YES;
				IPHONEOS_DEPLOYMENT_TARGET = 13.2;
				MTL_ENABLE_DEBUG_INFO = INCLUDE_SOURCE;
				MTL_FAST_MATH = YES;
				ONLY_ACTIVE_ARCH = YES;
				SDKROOT = iphoneos;
				SWIFT_ACTIVE_COMPILATION_CONDITIONS = DEBUG;
				SWIFT_OPTIMIZATION_LEVEL = "-Onone";
			};
			name = Debug;
		};
		1475C58C23D446920013867D /* Release */ = {
			isa = XCBuildConfiguration;
			buildSettings = {
				ALWAYS_SEARCH_USER_PATHS = NO;
				CLANG_ANALYZER_LOCALIZABILITY_NONLOCALIZED = YES;
				CLANG_ANALYZER_NONNULL = YES;
				CLANG_ANALYZER_NUMBER_OBJECT_CONVERSION = YES_AGGRESSIVE;
				CLANG_CXX_LANGUAGE_STANDARD = "gnu++14";
				CLANG_CXX_LIBRARY = "libc++";
				CLANG_ENABLE_MODULES = YES;
				CLANG_ENABLE_OBJC_ARC = YES;
				CLANG_ENABLE_OBJC_WEAK = YES;
				CLANG_WARN_BLOCK_CAPTURE_AUTORELEASING = YES;
				CLANG_WARN_BOOL_CONVERSION = YES;
				CLANG_WARN_COMMA = YES;
				CLANG_WARN_CONSTANT_CONVERSION = YES;
				CLANG_WARN_DEPRECATED_OBJC_IMPLEMENTATIONS = YES;
				CLANG_WARN_DIRECT_OBJC_ISA_USAGE = YES_ERROR;
				CLANG_WARN_DOCUMENTATION_COMMENTS = YES;
				CLANG_WARN_EMPTY_BODY = YES;
				CLANG_WARN_ENUM_CONVERSION = YES;
				CLANG_WARN_INFINITE_RECURSION = YES;
				CLANG_WARN_INT_CONVERSION = YES;
				CLANG_WARN_NON_LITERAL_NULL_CONVERSION = YES;
				CLANG_WARN_OBJC_IMPLICIT_RETAIN_SELF = YES;
				CLANG_WARN_OBJC_LITERAL_CONVERSION = YES;
				CLANG_WARN_OBJC_ROOT_CLASS = YES_ERROR;
				CLANG_WARN_RANGE_LOOP_ANALYSIS = YES;
				CLANG_WARN_STRICT_PROTOTYPES = YES;
				CLANG_WARN_SUSPICIOUS_MOVE = YES;
				CLANG_WARN_UNGUARDED_AVAILABILITY = YES_AGGRESSIVE;
				CLANG_WARN_UNREACHABLE_CODE = YES;
				CLANG_WARN__DUPLICATE_METHOD_MATCH = YES;
				COPY_PHASE_STRIP = NO;
				DEBUG_INFORMATION_FORMAT = "dwarf-with-dsym";
				ENABLE_NS_ASSERTIONS = NO;
				ENABLE_STRICT_OBJC_MSGSEND = YES;
				GCC_C_LANGUAGE_STANDARD = gnu11;
				GCC_NO_COMMON_BLOCKS = YES;
				GCC_WARN_64_TO_32_BIT_CONVERSION = YES;
				GCC_WARN_ABOUT_RETURN_TYPE = YES_ERROR;
				GCC_WARN_UNDECLARED_SELECTOR = YES;
				GCC_WARN_UNINITIALIZED_AUTOS = YES_AGGRESSIVE;
				GCC_WARN_UNUSED_FUNCTION = YES;
				GCC_WARN_UNUSED_VARIABLE = YES;
				IPHONEOS_DEPLOYMENT_TARGET = 13.2;
				MTL_ENABLE_DEBUG_INFO = NO;
				MTL_FAST_MATH = YES;
				SDKROOT = iphoneos;
				SWIFT_COMPILATION_MODE = wholemodule;
				SWIFT_OPTIMIZATION_LEVEL = "-O";
				VALIDATE_PRODUCT = YES;
			};
			name = Release;
		};
		1475C58E23D446920013867D /* Debug */ = {
			isa = XCBuildConfiguration;
			buildSettings = {
				ASSETCATALOG_COMPILER_APPICON_NAME = AppIcon;
				CODE_SIGN_STYLE = Automatic;
				DEVELOPMENT_ASSET_PATHS = "\"LocalizationUI/Preview Content\"";
				DEVELOPMENT_TEAM = XG3URJ46HG;
				ENABLE_PREVIEWS = YES;
				INFOPLIST_FILE = LocalizationUI/Info.plist;
				LD_RUNPATH_SEARCH_PATHS = (
					"$(inherited)",
					"@executable_path/Frameworks",
				);
				PRODUCT_BUNDLE_IDENTIFIER = com.benoitpasquier.LocalizationUI;
				PRODUCT_NAME = "$(TARGET_NAME)";
				SWIFT_VERSION = 5.0;
				TARGETED_DEVICE_FAMILY = "1,2";
			};
			name = Debug;
		};
		1475C58F23D446920013867D /* Release */ = {
			isa = XCBuildConfiguration;
			buildSettings = {
				ASSETCATALOG_COMPILER_APPICON_NAME = AppIcon;
				CODE_SIGN_STYLE = Automatic;
				DEVELOPMENT_ASSET_PATHS = "\"LocalizationUI/Preview Content\"";
				DEVELOPMENT_TEAM = XG3URJ46HG;
				ENABLE_PREVIEWS = YES;
				INFOPLIST_FILE = LocalizationUI/Info.plist;
				LD_RUNPATH_SEARCH_PATHS = (
					"$(inherited)",
					"@executable_path/Frameworks",
				);
				PRODUCT_BUNDLE_IDENTIFIER = com.benoitpasquier.LocalizationUI;
				PRODUCT_NAME = "$(TARGET_NAME)";
				SWIFT_VERSION = 5.0;
				TARGETED_DEVICE_FAMILY = "1,2";
			};
			name = Release;
		};
/* End XCBuildConfiguration section */

/* Begin XCConfigurationList section */
		1475C57423D4468E0013867D /* Build configuration list for PBXProject "LocalizationUI" */ = {
			isa = XCConfigurationList;
			buildConfigurations = (
				1475C58B23D446920013867D /* Debug */,
				1475C58C23D446920013867D /* Release */,
			);
			defaultConfigurationIsVisible = 0;
			defaultConfigurationName = Release;
		};
		1475C58D23D446920013867D /* Build configuration list for PBXNativeTarget "LocalizationUI" */ = {
			isa = XCConfigurationList;
			buildConfigurations = (
				1475C58E23D446920013867D /* Debug */,
				1475C58F23D446920013867D /* Release */,
			);
			defaultConfigurationIsVisible = 0;
			defaultConfigurationName = Release;
		};
/* End XCConfigurationList section */
	};
	rootObject = 1475C57123D4468E0013867D /* Project object */;
}
