// !$*UTF8*$!
{
	archiveVersion = 1;
	classes = {
	};
	objectVersion = 50;
	objects = {

/* Begin PBXBuildFile section */
		14B77543272AD8D9008083A8 /* NumberSampleApp.swift in Sources */ = {isa = PBXBuildFile; fileRef = 14B77542272AD8D9008083A8 /* NumberSampleApp.swift */; };
		14B77545272AD8D9008083A8 /* ContentView.swift in Sources */ = {isa = PBXBuildFile; fileRef = 14B77544272AD8D9008083A8 /* ContentView.swift */; };
		14B77547272AD8DA008083A8 /* Assets.xcassets in Resources */ = {isa = PBXBuildFile; fileRef = 14B77546272AD8DA008083A8 /* Assets.xcassets */; };
		14B7754A272AD8DA008083A8 /* Preview Assets.xcassets in Resources */ = {isa = PBXBuildFile; fileRef = 14B77549272AD8DA008083A8 /* Preview Assets.xcassets */; };
		14B77555272AD8DA008083A8 /* NumberSampleTests.swift in Sources */ = {isa = PBXBuildFile; fileRef = 14B77554272AD8DA008083A8 /* NumberSampleTests.swift */; };
		14B77560272AD8DA008083A8 /* NumberSampleUITests.swift in Sources */ = {isa = PBXBuildFile; fileRef = 14B7755F272AD8DA008083A8 /* NumberSampleUITests.swift */; };
/* End PBXBuildFile section */

/* Begin PBXContainerItemProxy section */
		14B77551272AD8DA008083A8 /* PBXContainerItemProxy */ = {
			isa = PBXContainerItemProxy;
			containerPortal = 14B77537272AD8D9008083A8 /* Project object */;
			proxyType = 1;
			remoteGlobalIDString = 14B7753E272AD8D9008083A8;
			remoteInfo = NumberSample;
		};
		14B7755C272AD8DA008083A8 /* PBXContainerItemProxy */ = {
			isa = PBXContainerItemProxy;
			containerPortal = 14B77537272AD8D9008083A8 /* Project object */;
			proxyType = 1;
			remoteGlobalIDString = 14B7753E272AD8D9008083A8;
			remoteInfo = NumberSample;
		};
/* End PBXContainerItemProxy section */

/* Begin PBXFileReference section */
		14B7753F272AD8D9008083A8 /* NumberSample.app */ = {isa = PBXFileReference; explicitFileType = wrapper.application; includeInIndex = 0; path = NumberSample.app; sourceTree = BUILT_PRODUCTS_DIR; };
		14B77542272AD8D9008083A8 /* NumberSampleApp.swift */ = {isa = PBXFileReference; lastKnownFileType = sourcecode.swift; path = NumberSampleApp.swift; sourceTree = "<group>"; };
		14B77544272AD8D9008083A8 /* ContentView.swift */ = {isa = PBXFileReference; lastKnownFileType = sourcecode.swift; path = ContentView.swift; sourceTree = "<group>"; };
		14B77546272AD8DA008083A8 /* Assets.xcassets */ = {isa = PBXFileReference; lastKnownFileType = folder.assetcatalog; path = Assets.xcassets; sourceTree = "<group>"; };
		14B77549272AD8DA008083A8 /* Preview Assets.xcassets */ = {isa = PBXFileReference; lastKnownFileType = folder.assetcatalog; path = "Preview Assets.xcassets"; sourceTree = "<group>"; };
		14B7754B272AD8DA008083A8 /* Info.plist */ = {isa = PBXFileReference; lastKnownFileType = text.plist.xml; path = Info.plist; sourceTree = "<group>"; };
		14B77550272AD8DA008083A8 /* NumberSampleTests.xctest */ = {isa = PBXFileReference; explicitFileType = wrapper.cfbundle; includeInIndex = 0; path = NumberSampleTests.xctest; sourceTree = BUILT_PRODUCTS_DIR; };
		14B77554272AD8DA008083A8 /* NumberSampleTests.swift */ = {isa = PBXFileReference; lastKnownFileType = sourcecode.swift; path = NumberSampleTests.swift; sourceTree = "<group>"; };
		14B77556272AD8DA008083A8 /* Info.plist */ = {isa = PBXFileReference; lastKnownFileType = text.plist.xml; path = Info.plist; sourceTree = "<group>"; };
		14B7755B272AD8DA008083A8 /* NumberSampleUITests.xctest */ = {isa = PBXFileReference; explicitFileType = wrapper.cfbundle; includeInIndex = 0; path = NumberSampleUITests.xctest; sourceTree = BUILT_PRODUCTS_DIR; };
		14B7755F272AD8DA008083A8 /* NumberSampleUITests.swift */ = {isa = PBXFileReference; lastKnownFileType = sourcecode.swift; path = NumberSampleUITests.swift; sourceTree = "<group>"; };
		14B77561272AD8DA008083A8 /* Info.plist */ = {isa = PBXFileReference; lastKnownFileType = text.plist.xml; path = Info.plist; sourceTree = "<group>"; };
/* End PBXFileReference section */

/* Begin PBXFrameworksBuildPhase section */
		14B7753C272AD8D9008083A8 /* Frameworks */ = {
			isa = PBXFrameworksBuildPhase;
			buildActionMask = 2147483647;
			files = (
			);
			runOnlyForDeploymentPostprocessing = 0;
		};
		14B7754D272AD8DA008083A8 /* Frameworks */ = {
			isa = PBXFrameworksBuildPhase;
			buildActionMask = 2147483647;
			files = (
			);
			runOnlyForDeploymentPostprocessing = 0;
		};
		14B77558272AD8DA008083A8 /* Frameworks */ = {
			isa = PBXFrameworksBuildPhase;
			buildActionMask = 2147483647;
			files = (
			);
			runOnlyForDeploymentPostprocessing = 0;
		};
/* End PBXFrameworksBuildPhase section */

/* Begin PBXGroup section */
		14B77536272AD8D9008083A8 = {
			isa = PBXGroup;
			children = (
				14B77541272AD8D9008083A8 /* NumberSample */,
				14B77553272AD8DA008083A8 /* NumberSampleTests */,
				14B7755E272AD8DA008083A8 /* NumberSampleUITests */,
				14B77540272AD8D9008083A8 /* Products */,
			);
			sourceTree = "<group>";
		};
		14B77540272AD8D9008083A8 /* Products */ = {
			isa = PBXGroup;
			children = (
				14B7753F272AD8D9008083A8 /* NumberSample.app */,
				14B77550272AD8DA008083A8 /* NumberSampleTests.xctest */,
				14B7755B272AD8DA008083A8 /* NumberSampleUITests.xctest */,
			);
			name = Products;
			sourceTree = "<group>";
		};
		14B77541272AD8D9008083A8 /* NumberSample */ = {
			isa = PBXGroup;
			children = (
				14B77542272AD8D9008083A8 /* NumberSampleApp.swift */,
				14B77544272AD8D9008083A8 /* ContentView.swift */,
				14B77546272AD8DA008083A8 /* Assets.xcassets */,
				14B7754B272AD8DA008083A8 /* Info.plist */,
				14B77548272AD8DA008083A8 /* Preview Content */,
			);
			path = NumberSample;
			sourceTree = "<group>";
		};
		14B77548272AD8DA008083A8 /* Preview Content */ = {
			isa = PBXGroup;
			children = (
				14B77549272AD8DA008083A8 /* Preview Assets.xcassets */,
			);
			path = "Preview Content";
			sourceTree = "<group>";
		};
		14B77553272AD8DA008083A8 /* NumberSampleTests */ = {
			isa = PBXGroup;
			children = (
				14B77554272AD8DA008083A8 /* NumberSampleTests.swift */,
				14B77556272AD8DA008083A8 /* Info.plist */,
			);
			path = NumberSampleTests;
			sourceTree = "<group>";
		};
		14B7755E272AD8DA008083A8 /* NumberSampleUITests */ = {
			isa = PBXGroup;
			children = (
				14B7755F272AD8DA008083A8 /* NumberSampleUITests.swift */,
				14B77561272AD8DA008083A8 /* Info.plist */,
			);
			path = NumberSampleUITests;
			sourceTree = "<group>";
		};
/* End PBXGroup section */

/* Begin PBXNativeTarget section */
		14B7753E272AD8D9008083A8 /* NumberSample */ = {
			isa = PBXNativeTarget;
			buildConfigurationList = 14B77564272AD8DA008083A8 /* Build configuration list for PBXNativeTarget "NumberSample" */;
			buildPhases = (
				14B7753B272AD8D9008083A8 /* Sources */,
				14B7753C272AD8D9008083A8 /* Frameworks */,
				14B7753D272AD8D9008083A8 /* Resources */,
			);
			buildRules = (
			);
			dependencies = (
			);
			name = NumberSample;
			productName = NumberSample;
			productReference = 14B7753F272AD8D9008083A8 /* NumberSample.app */;
			productType = "com.apple.product-type.application";
		};
		14B7754F272AD8DA008083A8 /* NumberSampleTests */ = {
			isa = PBXNativeTarget;
			buildConfigurationList = 14B77567272AD8DA008083A8 /* Build configuration list for PBXNativeTarget "NumberSampleTests" */;
			buildPhases = (
				14B7754C272AD8DA008083A8 /* Sources */,
				14B7754D272AD8DA008083A8 /* Frameworks */,
				14B7754E272AD8DA008083A8 /* Resources */,
			);
			buildRules = (
			);
			dependencies = (
				14B77552272AD8DA008083A8 /* PBXTargetDependency */,
			);
			name = NumberSampleTests;
			productName = NumberSampleTests;
			productReference = 14B77550272AD8DA008083A8 /* NumberSampleTests.xctest */;
			productType = "com.apple.product-type.bundle.unit-test";
		};
		14B7755A272AD8DA008083A8 /* NumberSampleUITests */ = {
			isa = PBXNativeTarget;
			buildConfigurationList = 14B7756A272AD8DA008083A8 /* Build configuration list for PBXNativeTarget "NumberSampleUITests" */;
			buildPhases = (
				14B77557272AD8DA008083A8 /* Sources */,
				14B77558272AD8DA008083A8 /* Frameworks */,
				14B77559272AD8DA008083A8 /* Resources */,
			);
			buildRules = (
			);
			dependencies = (
				14B7755D272AD8DA008083A8 /* PBXTargetDependency */,
			);
			name = NumberSampleUITests;
			productName = NumberSampleUITests;
			productReference = 14B7755B272AD8DA008083A8 /* NumberSampleUITests.xctest */;
			productType = "com.apple.product-type.bundle.ui-testing";
		};
/* End PBXNativeTarget section */

/* Begin PBXProject section */
		14B77537272AD8D9008083A8 /* Project object */ = {
			isa = PBXProject;
			attributes = {
				LastSwiftUpdateCheck = 1250;
				LastUpgradeCheck = 1250;
				TargetAttributes = {
					14B7753E272AD8D9008083A8 = {
						CreatedOnToolsVersion = 12.5.1;
					};
					14B7754F272AD8DA008083A8 = {
						CreatedOnToolsVersion = 12.5.1;
						TestTargetID = 14B7753E272AD8D9008083A8;
					};
					14B7755A272AD8DA008083A8 = {
						CreatedOnToolsVersion = 12.5.1;
						TestTargetID = 14B7753E272AD8D9008083A8;
					};
				};
			};
			buildConfigurationList = 14B7753A272AD8D9008083A8 /* Build configuration list for PBXProject "NumberSample" */;
			compatibilityVersion = "Xcode 9.3";
			developmentRegion = en;
			hasScannedForEncodings = 0;
			knownRegions = (
				en,
				Base,
			);
			mainGroup = 14B77536272AD8D9008083A8;
			productRefGroup = 14B77540272AD8D9008083A8 /* Products */;
			projectDirPath = "";
			projectRoot = "";
			targets = (
				14B7753E272AD8D9008083A8 /* NumberSample */,
				14B7754F272AD8DA008083A8 /* NumberSampleTests */,
				14B7755A272AD8DA008083A8 /* NumberSampleUITests */,
			);
		};
/* End PBXProject section */

/* Begin PBXResourcesBuildPhase section */
		14B7753D272AD8D9008083A8 /* Resources */ = {
			isa = PBXResourcesBuildPhase;
			buildActionMask = 2147483647;
			files = (
				14B7754A272AD8DA008083A8 /* Preview Assets.xcassets in Resources */,
				14B77547272AD8DA008083A8 /* Assets.xcassets in Resources */,
			);
			runOnlyForDeploymentPostprocessing = 0;
		};
		14B7754E272AD8DA008083A8 /* Resources */ = {
			isa = PBXResourcesBuildPhase;
			buildActionMask = 2147483647;
			files = (
			);
			runOnlyForDeploymentPostprocessing = 0;
		};
		14B77559272AD8DA008083A8 /* Resources */ = {
			isa = PBXResourcesBuildPhase;
			buildActionMask = 2147483647;
			files = (
			);
			runOnlyForDeploymentPostprocessing = 0;
		};
/* End PBXResourcesBuildPhase section */

/* Begin PBXSourcesBuildPhase section */
		14B7753B272AD8D9008083A8 /* Sources */ = {
			isa = PBXSourcesBuildPhase;
			buildActionMask = 2147483647;
			files = (
				14B77545272AD8D9008083A8 /* ContentView.swift in Sources */,
				14B77543272AD8D9008083A8 /* NumberSampleApp.swift in Sources */,
			);
			runOnlyForDeploymentPostprocessing = 0;
		};
		14B7754C272AD8DA008083A8 /* Sources */ = {
			isa = PBXSourcesBuildPhase;
			buildActionMask = 2147483647;
			files = (
				14B77555272AD8DA008083A8 /* NumberSampleTests.swift in Sources */,
			);
			runOnlyForDeploymentPostprocessing = 0;
		};
		14B77557272AD8DA008083A8 /* Sources */ = {
			isa = PBXSourcesBuildPhase;
			buildActionMask = 2147483647;
			files = (
				14B77560272AD8DA008083A8 /* NumberSampleUITests.swift in Sources */,
			);
			runOnlyForDeploymentPostprocessing = 0;
		};
/* End PBXSourcesBuildPhase section */

/* Begin PBXTargetDependency section */
		14B77552272AD8DA008083A8 /* PBXTargetDependency */ = {
			isa = PBXTargetDependency;
			target = 14B7753E272AD8D9008083A8 /* NumberSample */;
			targetProxy = 14B77551272AD8DA008083A8 /* PBXContainerItemProxy */;
		};
		14B7755D272AD8DA008083A8 /* PBXTargetDependency */ = {
			isa = PBXTargetDependency;
			target = 14B7753E272AD8D9008083A8 /* NumberSample */;
			targetProxy = 14B7755C272AD8DA008083A8 /* PBXContainerItemProxy */;
		};
/* End PBXTargetDependency section */

/* Begin XCBuildConfiguration section */
		14B77562272AD8DA008083A8 /* Debug */ = {
			isa = XCBuildConfiguration;
			buildSettings = {
				ALWAYS_SEARCH_USER_PATHS = NO;
				CLANG_ANALYZER_NONNULL = YES;
				CLANG_ANALYZER_NUMBER_OBJECT_CONVERSION = YES_AGGRESSIVE;
				CLANG_CXX_LANGUAGE_STANDARD = "gnu++14";
				CLANG_CXX_LIBRARY = "libc++";
				CLANG_ENABLE_MODULES = YES;
				CLANG_ENABLE_OBJC_ARC = YES;
				CLANG_ENABLE_OBJC_WEAK = YES;
				CLANG_WARN_BLOCK_CAPTURE_AUTORELEASING = YES;
				CLANG_WARN_BOOL_CONVERSION = YES;
				CLANG_WARN_COMMA = YES;
				CLANG_WARN_CONSTANT_CONVERSION = YES;
				CLANG_WARN_DEPRECATED_OBJC_IMPLEMENTATIONS = YES;
				CLANG_WARN_DIRECT_OBJC_ISA_USAGE = YES_ERROR;
				CLANG_WARN_DOCUMENTATION_COMMENTS = YES;
				CLANG_WARN_EMPTY_BODY = YES;
				CLANG_WARN_ENUM_CONVERSION = YES;
				CLANG_WARN_INFINITE_RECURSION = YES;
				CLANG_WARN_INT_CONVERSION = YES;
				CLANG_WARN_NON_LITERAL_NULL_CONVERSION = YES;
				CLANG_WARN_OBJC_IMPLICIT_RETAIN_SELF = YES;
				CLANG_WARN_OBJC_LITERAL_CONVERSION = YES;
				CLANG_WARN_OBJC_ROOT_CLASS = YES_ERROR;
				CLANG_WARN_QUOTED_INCLUDE_IN_FRAMEWORK_HEADER = YES;
				CLANG_WARN_RANGE_LOOP_ANALYSIS = YES;
				CLANG_WARN_STRICT_PROTOTYPES = YES;
				CLANG_WARN_SUSPICIOUS_MOVE = YES;
				CLANG_WARN_UNGUARDED_AVAILABILITY = YES_AGGRESSIVE;
				CLANG_WARN_UNREACHABLE_CODE = YES;
				CLANG_WARN__DUPLICATE_METHOD_MATCH = YES;
				COPY_PHASE_STRIP = NO;
				DEBUG_INFORMATION_FORMAT = dwarf;
				ENABLE_STRICT_OBJC_MSGSEND = YES;
				ENABLE_TESTABILITY = YES;
				GCC_C_LANGUAGE_STANDARD = gnu11;
				GCC_DYNAMIC_NO_PIC = NO;
				GCC_NO_COMMON_BLOCKS = YES;
				GCC_OPTIMIZATION_LEVEL = 0;
				GCC_PREPROCESSOR_DEFINITIONS = (
					"DEBUG=1",
					"$(inherited)",
				);
				GCC_WARN_64_TO_32_BIT_CONVERSION = YES;
				GCC_WARN_ABOUT_RETURN_TYPE = YES_ERROR;
				GCC_WARN_UNDECLARED_SELECTOR = YES;
				GCC_WARN_UNINITIALIZED_AUTOS = YES_AGGRESSIVE;
				GCC_WARN_UNUSED_FUNCTION = YES;
				GCC_WARN_UNUSED_VARIABLE = YES;
				IPHONEOS_DEPLOYMENT_TARGET = 14.5;
				MTL_ENABLE_DEBUG_INFO = INCLUDE_SOURCE;
				MTL_FAST_MATH = YES;
				ONLY_ACTIVE_ARCH = YES;
				SDKROOT = iphoneos;
				SWIFT_ACTIVE_COMPILATION_CONDITIONS = DEBUG;
				SWIFT_OPTIMIZATION_LEVEL = "-Onone";
			};
			name = Debug;
		};
		14B77563272AD8DA008083A8 /* Release */ = {
			isa = XCBuildConfiguration;
			buildSettings = {
				ALWAYS_SEARCH_USER_PATHS = NO;
				CLANG_ANALYZER_NONNULL = YES;
				CLANG_ANALYZER_NUMBER_OBJECT_CONVERSION = YES_AGGRESSIVE;
				CLANG_CXX_LANGUAGE_STANDARD = "gnu++14";
				CLANG_CXX_LIBRARY = "libc++";
				CLANG_ENABLE_MODULES = YES;
				CLANG_ENABLE_OBJC_ARC = YES;
				CLANG_ENABLE_OBJC_WEAK = YES;
				CLANG_WARN_BLOCK_CAPTURE_AUTORELEASING = YES;
				CLANG_WARN_BOOL_CONVERSION = YES;
				CLANG_WARN_COMMA = YES;
				CLANG_WARN_CONSTANT_CONVERSION = YES;
				CLANG_WARN_DEPRECATED_OBJC_IMPLEMENTATIONS = YES;
				CLANG_WARN_DIRECT_OBJC_ISA_USAGE = YES_ERROR;
				CLANG_WARN_DOCUMENTATION_COMMENTS = YES;
				CLANG_WARN_EMPTY_BODY = YES;
				CLANG_WARN_ENUM_CONVERSION = YES;
				CLANG_WARN_INFINITE_RECURSION = YES;
				CLANG_WARN_INT_CONVERSION = YES;
				CLANG_WARN_NON_LITERAL_NULL_CONVERSION = YES;
				CLANG_WARN_OBJC_IMPLICIT_RETAIN_SELF = YES;
				CLANG_WARN_OBJC_LITERAL_CONVERSION = YES;
				CLANG_WARN_OBJC_ROOT_CLASS = YES_ERROR;
				CLANG_WARN_QUOTED_INCLUDE_IN_FRAMEWORK_HEADER = YES;
				CLANG_WARN_RANGE_LOOP_ANALYSIS = YES;
				CLANG_WARN_STRICT_PROTOTYPES = YES;
				CLANG_WARN_SUSPICIOUS_MOVE = YES;
				CLANG_WARN_UNGUARDED_AVAILABILITY = YES_AGGRESSIVE;
				CLANG_WARN_UNREACHABLE_CODE = YES;
				CLANG_WARN__DUPLICATE_METHOD_MATCH = YES;
				COPY_PHASE_STRIP = NO;
				DEBUG_INFORMATION_FORMAT = "dwarf-with-dsym";
				ENABLE_NS_ASSERTIONS = NO;
				ENABLE_STRICT_OBJC_MSGSEND = YES;
				GCC_C_LANGUAGE_STANDARD = gnu11;
				GCC_NO_COMMON_BLOCKS = YES;
				GCC_WARN_64_TO_32_BIT_CONVERSION = YES;
				GCC_WARN_ABOUT_RETURN_TYPE = YES_ERROR;
				GCC_WARN_UNDECLARED_SELECTOR = YES;
				GCC_WARN_UNINITIALIZED_AUTOS = YES_AGGRESSIVE;
				GCC_WARN_UNUSED_FUNCTION = YES;
				GCC_WARN_UNUSED_VARIABLE = YES;
				IPHONEOS_DEPLOYMENT_TARGET = 14.5;
				MTL_ENABLE_DEBUG_INFO = NO;
				MTL_FAST_MATH = YES;
				SDKROOT = iphoneos;
				SWIFT_COMPILATION_MODE = wholemodule;
				SWIFT_OPTIMIZATION_LEVEL = "-O";
				VALIDATE_PRODUCT = YES;
			};
			name = Release;
		};
		14B77565272AD8DA008083A8 /* Debug */ = {
			isa = XCBuildConfiguration;
			buildSettings = {
				ASSETCATALOG_COMPILER_APPICON_NAME = AppIcon;
				ASSETCATALOG_COMPILER_GLOBAL_ACCENT_COLOR_NAME = AccentColor;
				CODE_SIGN_STYLE = Automatic;
				DEVELOPMENT_ASSET_PATHS = "\"NumberSample/Preview Content\"";
				DEVELOPMENT_TEAM = XG3URJ46HG;
				ENABLE_PREVIEWS = YES;
				INFOPLIST_FILE = NumberSample/Info.plist;
				IPHONEOS_DEPLOYMENT_TARGET = 14.0;
				LD_RUNPATH_SEARCH_PATHS = (
					"$(inherited)",
					"@executable_path/Frameworks",
				);
				PRODUCT_BUNDLE_IDENTIFIER = com.benoitpasquier.NumberSample;
				PRODUCT_NAME = "$(TARGET_NAME)";
				SWIFT_VERSION = 5.0;
				TARGETED_DEVICE_FAMILY = "1,2";
			};
			name = Debug;
		};
		14B77566272AD8DA008083A8 /* Release */ = {
			isa = XCBuildConfiguration;
			buildSettings = {
				ASSETCATALOG_COMPILER_APPICON_NAME = AppIcon;
				ASSETCATALOG_COMPILER_GLOBAL_ACCENT_COLOR_NAME = AccentColor;
				CODE_SIGN_STYLE = Automatic;
				DEVELOPMENT_ASSET_PATHS = "\"NumberSample/Preview Content\"";
				DEVELOPMENT_TEAM = XG3URJ46HG;
				ENABLE_PREVIEWS = YES;
				INFOPLIST_FILE = NumberSample/Info.plist;
				IPHONEOS_DEPLOYMENT_TARGET = 14.0;
				LD_RUNPATH_SEARCH_PATHS = (
					"$(inherited)",
					"@executable_path/Frameworks",
				);
				PRODUCT_BUNDLE_IDENTIFIER = com.benoitpasquier.NumberSample;
				PRODUCT_NAME = "$(TARGET_NAME)";
				SWIFT_VERSION = 5.0;
				TARGETED_DEVICE_FAMILY = "1,2";
			};
			name = Release;
		};
		14B77568272AD8DA008083A8 /* Debug */ = {
			isa = XCBuildConfiguration;
			buildSettings = {
				ALWAYS_EMBED_SWIFT_STANDARD_LIBRARIES = YES;
				BUNDLE_LOADER = "$(TEST_HOST)";
				CODE_SIGN_STYLE = Automatic;
				DEVELOPMENT_TEAM = XG3URJ46HG;
				INFOPLIST_FILE = NumberSampleTests/Info.plist;
				IPHONEOS_DEPLOYMENT_TARGET = 14.0;
				LD_RUNPATH_SEARCH_PATHS = (
					"$(inherited)",
					"@executable_path/Frameworks",
					"@loader_path/Frameworks",
				);
				PRODUCT_BUNDLE_IDENTIFIER = com.benoitpasquier.NumberSampleTests;
				PRODUCT_NAME = "$(TARGET_NAME)";
				SWIFT_VERSION = 5.0;
				TARGETED_DEVICE_FAMILY = "1,2";
				TEST_HOST = "$(BUILT_PRODUCTS_DIR)/NumberSample.app/NumberSample";
			};
			name = Debug;
		};
		14B77569272AD8DA008083A8 /* Release */ = {
			isa = XCBuildConfiguration;
			buildSettings = {
				ALWAYS_EMBED_SWIFT_STANDARD_LIBRARIES = YES;
				BUNDLE_LOADER = "$(TEST_HOST)";
				CODE_SIGN_STYLE = Automatic;
				DEVELOPMENT_TEAM = XG3URJ46HG;
				INFOPLIST_FILE = NumberSampleTests/Info.plist;
				IPHONEOS_DEPLOYMENT_TARGET = 14.0;
				LD_RUNPATH_SEARCH_PATHS = (
					"$(inherited)",
					"@executable_path/Frameworks",
					"@loader_path/Frameworks",
				);
				PRODUCT_BUNDLE_IDENTIFIER = com.benoitpasquier.NumberSampleTests;
				PRODUCT_NAME = "$(TARGET_NAME)";
				SWIFT_VERSION = 5.0;
				TARGETED_DEVICE_FAMILY = "1,2";
				TEST_HOST = "$(BUILT_PRODUCTS_DIR)/NumberSample.app/NumberSample";
			};
			name = Release;
		};
		14B7756B272AD8DA008083A8 /* Debug */ = {
			isa = XCBuildConfiguration;
			buildSettings = {
				ALWAYS_EMBED_SWIFT_STANDARD_LIBRARIES = YES;
				CODE_SIGN_STYLE = Automatic;
				DEVELOPMENT_TEAM = XG3URJ46HG;
				INFOPLIST_FILE = NumberSampleUITests/Info.plist;
				LD_RUNPATH_SEARCH_PATHS = (
					"$(inherited)",
					"@executable_path/Frameworks",
					"@loader_path/Frameworks",
				);
				PRODUCT_BUNDLE_IDENTIFIER = com.benoitpasquier.NumberSampleUITests;
				PRODUCT_NAME = "$(TARGET_NAME)";
				SWIFT_VERSION = 5.0;
				TARGETED_DEVICE_FAMILY = "1,2";
				TEST_TARGET_NAME = NumberSample;
			};
			name = Debug;
		};
		14B7756C272AD8DA008083A8 /* Release */ = {
			isa = XCBuildConfiguration;
			buildSettings = {
				ALWAYS_EMBED_SWIFT_STANDARD_LIBRARIES = YES;
				CODE_SIGN_STYLE = Automatic;
				DEVELOPMENT_TEAM = XG3URJ46HG;
				INFOPLIST_FILE = NumberSampleUITests/Info.plist;
				LD_RUNPATH_SEARCH_PATHS = (
					"$(inherited)",
					"@executable_path/Frameworks",
					"@loader_path/Frameworks",
				);
				PRODUCT_BUNDLE_IDENTIFIER = com.benoitpasquier.NumberSampleUITests;
				PRODUCT_NAME = "$(TARGET_NAME)";
				SWIFT_VERSION = 5.0;
				TARGETED_DEVICE_FAMILY = "1,2";
				TEST_TARGET_NAME = NumberSample;
			};
			name = Release;
		};
/* End XCBuildConfiguration section */

/* Begin XCConfigurationList section */
		14B7753A272AD8D9008083A8 /* Build configuration list for PBXProject "NumberSample" */ = {
			isa = XCConfigurationList;
			buildConfigurations = (
				14B77562272AD8DA008083A8 /* Debug */,
				14B77563272AD8DA008083A8 /* Release */,
			);
			defaultConfigurationIsVisible = 0;
			defaultConfigurationName = Release;
		};
		14B77564272AD8DA008083A8 /* Build configuration list for PBXNativeTarget "NumberSample" */ = {
			isa = XCConfigurationList;
			buildConfigurations = (
				14B77565272AD8DA008083A8 /* Debug */,
				14B77566272AD8DA008083A8 /* Release */,
			);
			defaultConfigurationIsVisible = 0;
			defaultConfigurationName = Release;
		};
		14B77567272AD8DA008083A8 /* Build configuration list for PBXNativeTarget "NumberSampleTests" */ = {
			isa = XCConfigurationList;
			buildConfigurations = (
				14B77568272AD8DA008083A8 /* Debug */,
				14B77569272AD8DA008083A8 /* Release */,
			);
			defaultConfigurationIsVisible = 0;
			defaultConfigurationName = Release;
		};
		14B7756A272AD8DA008083A8 /* Build configuration list for PBXNativeTarget "NumberSampleUITests" */ = {
			isa = XCConfigurationList;
			buildConfigurations = (
				14B7756B272AD8DA008083A8 /* Debug */,
				14B7756C272AD8DA008083A8 /* Release */,
			);
			defaultConfigurationIsVisible = 0;
			defaultConfigurationName = Release;
		};
/* End XCConfigurationList section */
	};
	rootObject = 14B77537272AD8D9008083A8 /* Project object */;
}
